// !$*UTF8*$!
{
	archiveVersion = 1;
	classes = {
	};
	objectVersion = 77;
	objects = {

/* Begin PBXBuildFile section */
		11296265CAB8004CF7D5B5AD /* LoginView.swift in Sources */ = {isa = PBXBuildFile; fileRef = F5AED9009BC05A1119394332 /* LoginView.swift */; };
		125146DEAEFC1B8B680A9C1E /* AuthContainerView.swift in Sources */ = {isa = PBXBuildFile; fileRef = D6A5778909DABA8352CC002B /* AuthContainerView.swift */; };
		14A21A1481A7311FE6C606CA /* SignUpView.swift in Sources */ = {isa = PBXBuildFile; fileRef = F50A6DF761F83B9EBEA9365B /* SignUpView.swift */; };
		243F82120872BB58E7212D39 /* ForgotPasswordView.swift in Sources */ = {isa = PBXBuildFile; fileRef = 3DB91B4560588658ABBD231C /* ForgotPasswordView.swift */; };
		67848498FDE4E7DAD9AAFDA8 /* LoginView.swift in Sources */ = {isa = PBXBuildFile; fileRef = F5AED9009BC05A1119394332 /* LoginView.swift */; };
		736C6181A9FC5BC089E39866 /* AuthViewModel.swift in Sources */ = {isa = PBXBuildFile; fileRef = 0C0FA2EFF3FED2DD516F1BC2 /* AuthViewModel.swift */; };
		923185F03AD5ADDEA7DD9447 /* AuthViewModel.swift in Sources */ = {isa = PBXBuildFile; fileRef = 0C0FA2EFF3FED2DD516F1BC2 /* AuthViewModel.swift */; };
		A8B0D9CFDEB338B340C3BC68 /* ForgotPasswordView.swift in Sources */ = {isa = PBXBuildFile; fileRef = 3DB91B4560588658ABBD231C /* ForgotPasswordView.swift */; };
		AB47E87A5F3F3E6C257A7280 /* AuthContainerView.swift in Sources */ = {isa = PBXBuildFile; fileRef = D6A5778909DABA8352CC002B /* AuthContainerView.swift */; };
		CB05613A96555028029497B8 /* SignUpView.swift in Sources */ = {isa = PBXBuildFile; fileRef = F50A6DF761F83B9EBEA9365B /* SignUpView.swift */; };
		E41C37F42EDF32FF00A165DB /* HomeViewModel.swift in Sources */ = {isa = PBXBuildFile; fileRef = E41C37F32EDF32F800A165DB /* HomeViewModel.swift */; };
		E41C37F62EDF437500A165DB /* HomeItemView.swift in Sources */ = {isa = PBXBuildFile; fileRef = E41C37F52EDF436F00A165DB /* HomeItemView.swift */; };
		E41C37FD2EE019F200A165DB /* AuthModel.swift in Sources */ = {isa = PBXBuildFile; fileRef = E41C37FC2EE019E600A165DB /* AuthModel.swift */; };
		E41C37FF2EE01B5E00A165DB /* UserRM.swift in Sources */ = {isa = PBXBuildFile; fileRef = E41C37FE2EE01B5100A165DB /* UserRM.swift */; };
		E41C38022EE0206200A165DB /* AuthTextField.swift in Sources */ = {isa = PBXBuildFile; fileRef = E41C38012EE0205B00A165DB /* AuthTextField.swift */; };
		E45429FC2EF18D840086D214 /* menuAnimation.json in Resources */ = {isa = PBXBuildFile; fileRef = E45429FB2EF18D830086D214 /* menuAnimation.json */; };
		E45429FF2EF18EA50086D214 /* Lottie in Frameworks */ = {isa = PBXBuildFile; productRef = E45429FE2EF18EA50086D214 /* Lottie */; };
		E4542A012EF19CBF0086D214 /* ExperienceFormState.swift in Sources */ = {isa = PBXBuildFile; fileRef = E4542A002EF19CBF0086D214 /* ExperienceFormState.swift */; };
		E4542A032EF19E650086D214 /* IntroductionService.swift in Sources */ = {isa = PBXBuildFile; fileRef = E4542A022EF19E4F0086D214 /* IntroductionService.swift */; };
		E4542A052EF19E720086D214 /* UserIntroduction.swift in Sources */ = {isa = PBXBuildFile; fileRef = E4542A042EF19E6B0086D214 /* UserIntroduction.swift */; };
		E4542A0A2EF1B2D60086D214 /* ExperienceFormView.swift in Sources */ = {isa = PBXBuildFile; fileRef = E4542A092EF1B2D60086D214 /* ExperienceFormView.swift */; };
		E47AAC252EFD968600C50144 /* CollapsableHeaderHelper.swift in Sources */ = {isa = PBXBuildFile; fileRef = E47AAC242EFD968600C50144 /* CollapsableHeaderHelper.swift */; };
		E480DA812EF5543100258DE7 /* CollapsableHeaderView.swift in Sources */ = {isa = PBXBuildFile; fileRef = E480DA802EF5543100258DE7 /* CollapsableHeaderView.swift */; };
		E4812C5A2EE6091600AF31E4 /* IntroductionView.swift in Sources */ = {isa = PBXBuildFile; fileRef = E4812C592EE6091200AF31E4 /* IntroductionView.swift */; };
		E4812C5C2EE6092100AF31E4 /* IntroductionVM.swift in Sources */ = {isa = PBXBuildFile; fileRef = E4812C5B2EE6091A00AF31E4 /* IntroductionVM.swift */; };
		E48E6E072EC5B0F3004C6BE8 /* Assets.xcassets in Resources */ = {isa = PBXBuildFile; fileRef = E48E6E032EC5B0F3004C6BE8 /* Assets.xcassets */; };
		E48E6E082EC5B0F3004C6BE8 /* HomeView.swift in Sources */ = {isa = PBXBuildFile; fileRef = E48E6E042EC5B0F3004C6BE8 /* HomeView.swift */; };
		E48E6E092EC5B0F3004C6BE8 /* ErfanAppApp.swift in Sources */ = {isa = PBXBuildFile; fileRef = E48E6E052EC5B0F3004C6BE8 /* ErfanAppApp.swift */; };
		E48E6E0C2EC5B0F8004C6BE8 /* ErfanAppTests.swift in Sources */ = {isa = PBXBuildFile; fileRef = E48E6E0A2EC5B0F8004C6BE8 /* ErfanAppTests.swift */; };
		E48E6E102EC5B0FB004C6BE8 /* ErfanAppUITests.swift in Sources */ = {isa = PBXBuildFile; fileRef = E48E6E0D2EC5B0FB004C6BE8 /* ErfanAppUITests.swift */; };
		E48E6E112EC5B0FB004C6BE8 /* ErfanAppUITestsLaunchTests.swift in Sources */ = {isa = PBXBuildFile; fileRef = E48E6E0E2EC5B0FB004C6BE8 /* ErfanAppUITestsLaunchTests.swift */; };
		E48E6E1C2EC6240A004C6BE8 /* BaseModule in Frameworks */ = {isa = PBXBuildFile; productRef = E48E6E1B2EC6240A004C6BE8 /* BaseModule */; };
		E48E6E1E2EC6240A004C6BE8 /* ServiceModule in Frameworks */ = {isa = PBXBuildFile; productRef = E48E6E1D2EC6240A004C6BE8 /* ServiceModule */; };
		E48E6E222EC8CD2C004C6BE8 /* AppDelegate.swift in Sources */ = {isa = PBXBuildFile; fileRef = E48E6E212EC8CD2C004C6BE8 /* AppDelegate.swift */; };
		E490FEDD2EE6160C007EE059 /* Experience.swift in Sources */ = {isa = PBXBuildFile; fileRef = E490FEDC2EE6160C007EE059 /* Experience.swift */; };
		E490FEE02EE61911007EE059 /* ExperienceService.swift in Sources */ = {isa = PBXBuildFile; fileRef = E490FEDF2EE61908007EE059 /* ExperienceService.swift */; };
		E4DB3B122ED8155E008ADB9A /* SplashViewModel.swift in Sources */ = {isa = PBXBuildFile; fileRef = E4DB3B102ED8155E008ADB9A /* SplashViewModel.swift */; };
		E4DB3B132ED8155E008ADB9A /* SplashView.swift in Sources */ = {isa = PBXBuildFile; fileRef = E4DB3B0F2ED8155E008ADB9A /* SplashView.swift */; };
		E4DB3B162ED81BE5008ADB9A /* GoogleService-Info.plist in Resources */ = {isa = PBXBuildFile; fileRef = E4DB3B152ED81BE5008ADB9A /* GoogleService-Info.plist */; };
		E4DB3B1D2ED9D952008ADB9A /* AppState.swift in Sources */ = {isa = PBXBuildFile; fileRef = E4DB3B1C2ED9D94D008ADB9A /* AppState.swift */; };
		E4E895D22EF6E17100EE3CB8 /* SwiftUIIntrospect in Frameworks */ = {isa = PBXBuildFile; productRef = E4E895D12EF6E17100EE3CB8 /* SwiftUIIntrospect */; };
/* End PBXBuildFile section */

/* Begin PBXContainerItemProxy section */
		E48E6DE72EC5B0D5004C6BE8 /* PBXContainerItemProxy */ = {
			isa = PBXContainerItemProxy;
			containerPortal = E48E6DD12EC5B0D3004C6BE8 /* Project object */;
			proxyType = 1;
			remoteGlobalIDString = E48E6DD82EC5B0D3004C6BE8;
			remoteInfo = ErfanApp;
		};
		E48E6DF12EC5B0D5004C6BE8 /* PBXContainerItemProxy */ = {
			isa = PBXContainerItemProxy;
			containerPortal = E48E6DD12EC5B0D3004C6BE8 /* Project object */;
			proxyType = 1;
			remoteGlobalIDString = E48E6DD82EC5B0D3004C6BE8;
			remoteInfo = ErfanApp;
		};
/* End PBXContainerItemProxy section */

/* Begin PBXFileReference section */
		0C0FA2EFF3FED2DD516F1BC2 /* AuthViewModel.swift */ = {isa = PBXFileReference; includeInIndex = 1; lastKnownFileType = sourcecode.swift; path = AuthViewModel.swift; sourceTree = "<group>"; };
		3DB91B4560588658ABBD231C /* ForgotPasswordView.swift */ = {isa = PBXFileReference; includeInIndex = 1; lastKnownFileType = sourcecode.swift; path = ForgotPasswordView.swift; sourceTree = "<group>"; };
		D6A5778909DABA8352CC002B /* AuthContainerView.swift */ = {isa = PBXFileReference; includeInIndex = 1; lastKnownFileType = sourcecode.swift; path = AuthContainerView.swift; sourceTree = "<group>"; };
		E41C37F32EDF32F800A165DB /* HomeViewModel.swift */ = {isa = PBXFileReference; lastKnownFileType = sourcecode.swift; path = HomeViewModel.swift; sourceTree = "<group>"; };
		E41C37F52EDF436F00A165DB /* HomeItemView.swift */ = {isa = PBXFileReference; lastKnownFileType = sourcecode.swift; path = HomeItemView.swift; sourceTree = "<group>"; };
		E41C37FC2EE019E600A165DB /* AuthModel.swift */ = {isa = PBXFileReference; lastKnownFileType = sourcecode.swift; path = AuthModel.swift; sourceTree = "<group>"; };
		E41C37FE2EE01B5100A165DB /* UserRM.swift */ = {isa = PBXFileReference; lastKnownFileType = sourcecode.swift; path = UserRM.swift; sourceTree = "<group>"; };
		E41C38012EE0205B00A165DB /* AuthTextField.swift */ = {isa = PBXFileReference; lastKnownFileType = sourcecode.swift; path = AuthTextField.swift; sourceTree = "<group>"; };
		E41C38032EE06B3200A165DB /* ErfanApp.entitlements */ = {isa = PBXFileReference; lastKnownFileType = text.plist.entitlements; path = ErfanApp.entitlements; sourceTree = "<group>"; };
		E4275E8D2ECDD988002CCAE2 /* Info.plist */ = {isa = PBXFileReference; lastKnownFileType = text.plist; path = Info.plist; sourceTree = "<group>"; };
		E45429FB2EF18D830086D214 /* menuAnimation.json */ = {isa = PBXFileReference; lastKnownFileType = text.json; path = menuAnimation.json; sourceTree = "<group>"; };
		E4542A002EF19CBF0086D214 /* ExperienceFormState.swift */ = {isa = PBXFileReference; lastKnownFileType = sourcecode.swift; path = ExperienceFormState.swift; sourceTree = "<group>"; };
		E4542A022EF19E4F0086D214 /* IntroductionService.swift */ = {isa = PBXFileReference; lastKnownFileType = sourcecode.swift; path = IntroductionService.swift; sourceTree = "<group>"; };
		E4542A042EF19E6B0086D214 /* UserIntroduction.swift */ = {isa = PBXFileReference; lastKnownFileType = sourcecode.swift; path = UserIntroduction.swift; sourceTree = "<group>"; };
		E4542A092EF1B2D60086D214 /* ExperienceFormView.swift */ = {isa = PBXFileReference; lastKnownFileType = sourcecode.swift; path = ExperienceFormView.swift; sourceTree = "<group>"; };
		E47AAC242EFD968600C50144 /* CollapsableHeaderHelper.swift */ = {isa = PBXFileReference; lastKnownFileType = sourcecode.swift; path = CollapsableHeaderHelper.swift; sourceTree = "<group>"; };
		E480DA802EF5543100258DE7 /* CollapsableHeaderView.swift */ = {isa = PBXFileReference; lastKnownFileType = sourcecode.swift; path = CollapsableHeaderView.swift; sourceTree = "<group>"; };
		E4812C592EE6091200AF31E4 /* IntroductionView.swift */ = {isa = PBXFileReference; lastKnownFileType = sourcecode.swift; path = IntroductionView.swift; sourceTree = "<group>"; };
		E4812C5B2EE6091A00AF31E4 /* IntroductionVM.swift */ = {isa = PBXFileReference; lastKnownFileType = sourcecode.swift; path = IntroductionVM.swift; sourceTree = "<group>"; };
		E48E6DD92EC5B0D3004C6BE8 /* ErfanApp.app */ = {isa = PBXFileReference; explicitFileType = wrapper.application; includeInIndex = 0; path = ErfanApp.app; sourceTree = BUILT_PRODUCTS_DIR; };
		E48E6DE62EC5B0D5004C6BE8 /* ErfanAppTests.xctest */ = {isa = PBXFileReference; explicitFileType = wrapper.cfbundle; includeInIndex = 0; path = ErfanAppTests.xctest; sourceTree = BUILT_PRODUCTS_DIR; };
		E48E6DF02EC5B0D5004C6BE8 /* ErfanAppUITests.xctest */ = {isa = PBXFileReference; explicitFileType = wrapper.cfbundle; includeInIndex = 0; path = ErfanAppUITests.xctest; sourceTree = BUILT_PRODUCTS_DIR; };
		E48E6E032EC5B0F3004C6BE8 /* Assets.xcassets */ = {isa = PBXFileReference; lastKnownFileType = folder.assetcatalog; path = Assets.xcassets; sourceTree = "<group>"; };
		E48E6E042EC5B0F3004C6BE8 /* HomeView.swift */ = {isa = PBXFileReference; lastKnownFileType = sourcecode.swift; path = HomeView.swift; sourceTree = "<group>"; };
		E48E6E052EC5B0F3004C6BE8 /* ErfanAppApp.swift */ = {isa = PBXFileReference; lastKnownFileType = sourcecode.swift; path = ErfanAppApp.swift; sourceTree = "<group>"; };
		E48E6E0A2EC5B0F8004C6BE8 /* ErfanAppTests.swift */ = {isa = PBXFileReference; lastKnownFileType = sourcecode.swift; path = ErfanAppTests.swift; sourceTree = "<group>"; };
		E48E6E0D2EC5B0FB004C6BE8 /* ErfanAppUITests.swift */ = {isa = PBXFileReference; lastKnownFileType = sourcecode.swift; path = ErfanAppUITests.swift; sourceTree = "<group>"; };
		E48E6E0E2EC5B0FB004C6BE8 /* ErfanAppUITestsLaunchTests.swift */ = {isa = PBXFileReference; lastKnownFileType = sourcecode.swift; path = ErfanAppUITestsLaunchTests.swift; sourceTree = "<group>"; };
		E48E6E172EC62313004C6BE8 /* BaseModule */ = {isa = PBXFileReference; lastKnownFileType = wrapper; path = BaseModule; sourceTree = "<group>"; };
		E48E6E182EC62313004C6BE8 /* README.md */ = {isa = PBXFileReference; lastKnownFileType = net.daringfireball.markdown; path = README.md; sourceTree = "<group>"; };
		E48E6E192EC62313004C6BE8 /* ServiceModule */ = {isa = PBXFileReference; lastKnownFileType = wrapper; path = ServiceModule; sourceTree = "<group>"; };
		E48E6E212EC8CD2C004C6BE8 /* AppDelegate.swift */ = {isa = PBXFileReference; lastKnownFileType = sourcecode.swift; path = AppDelegate.swift; sourceTree = "<group>"; };
		E490FEDC2EE6160C007EE059 /* Experience.swift */ = {isa = PBXFileReference; lastKnownFileType = sourcecode.swift; path = Experience.swift; sourceTree = "<group>"; };
		E490FEDF2EE61908007EE059 /* ExperienceService.swift */ = {isa = PBXFileReference; lastKnownFileType = sourcecode.swift; path = ExperienceService.swift; sourceTree = "<group>"; };
		E4DB3B0F2ED8155E008ADB9A /* SplashView.swift */ = {isa = PBXFileReference; lastKnownFileType = sourcecode.swift; path = SplashView.swift; sourceTree = "<group>"; };
		E4DB3B102ED8155E008ADB9A /* SplashViewModel.swift */ = {isa = PBXFileReference; lastKnownFileType = sourcecode.swift; path = SplashViewModel.swift; sourceTree = "<group>"; };
		E4DB3B152ED81BE5008ADB9A /* GoogleService-Info.plist */ = {isa = PBXFileReference; lastKnownFileType = text.plist.xml; path = "GoogleService-Info.plist"; sourceTree = "<group>"; };
		E4DB3B1C2ED9D94D008ADB9A /* AppState.swift */ = {isa = PBXFileReference; lastKnownFileType = sourcecode.swift; path = AppState.swift; sourceTree = "<group>"; };
		F50A6DF761F83B9EBEA9365B /* SignUpView.swift */ = {isa = PBXFileReference; includeInIndex = 1; lastKnownFileType = sourcecode.swift; path = SignUpView.swift; sourceTree = "<group>"; };
		F5AED9009BC05A1119394332 /* LoginView.swift */ = {isa = PBXFileReference; includeInIndex = 1; lastKnownFileType = sourcecode.swift; path = LoginView.swift; sourceTree = "<group>"; };
/* End PBXFileReference section */

/* Begin PBXFrameworksBuildPhase section */
		E48E6DD62EC5B0D3004C6BE8 /* Frameworks */ = {
			isa = PBXFrameworksBuildPhase;
			buildActionMask = 2147483647;
			files = (
				E48E6E1E2EC6240A004C6BE8 /* ServiceModule in Frameworks */,
				E48E6E1C2EC6240A004C6BE8 /* BaseModule in Frameworks */,
				E45429FF2EF18EA50086D214 /* Lottie in Frameworks */,
				E4E895D22EF6E17100EE3CB8 /* SwiftUIIntrospect in Frameworks */,
			);
			runOnlyForDeploymentPostprocessing = 0;
		};
		E48E6DE32EC5B0D5004C6BE8 /* Frameworks */ = {
			isa = PBXFrameworksBuildPhase;
			buildActionMask = 2147483647;
			files = (
			);
			runOnlyForDeploymentPostprocessing = 0;
		};
		E48E6DED2EC5B0D5004C6BE8 /* Frameworks */ = {
			isa = PBXFrameworksBuildPhase;
			buildActionMask = 2147483647;
			files = (
			);
			runOnlyForDeploymentPostprocessing = 0;
		};
/* End PBXFrameworksBuildPhase section */

/* Begin PBXGroup section */
		25AF4A69DE82C34C1183D05C /* Views */ = {
			isa = PBXGroup;
			children = (
				F5AED9009BC05A1119394332 /* LoginView.swift */,
				F50A6DF761F83B9EBEA9365B /* SignUpView.swift */,
				3DB91B4560588658ABBD231C /* ForgotPasswordView.swift */,
			);
			path = Views;
			sourceTree = "<group>";
		};
		4D81FD48C45BA386607DE980 /* Auth */ = {
			isa = PBXGroup;
			children = (
				E41C38002EE0205400A165DB /* Component */,
				E41C37FB2EE019DD00A165DB /* Model */,
				D1EB0081EBA6EBBD97C044CA /* ViewModel */,
				25AF4A69DE82C34C1183D05C /* Views */,
				D6A5778909DABA8352CC002B /* AuthContainerView.swift */,
			);
			path = Auth;
			sourceTree = "<group>";
		};
		D1EB0081EBA6EBBD97C044CA /* ViewModel */ = {
			isa = PBXGroup;
			children = (
				0C0FA2EFF3FED2DD516F1BC2 /* AuthViewModel.swift */,
			);
			path = ViewModel;
			sourceTree = "<group>";
		};
		E41C37F02EDF32DD00A165DB /* Home */ = {
			isa = PBXGroup;
			children = (
				E41C37F22EDF32EE00A165DB /* View */,
				E41C37F12EDF32E500A165DB /* ViewModel */,
			);
			path = Home;
			sourceTree = "<group>";
		};
		E41C37F12EDF32E500A165DB /* ViewModel */ = {
			isa = PBXGroup;
			children = (
				E41C37F32EDF32F800A165DB /* HomeViewModel.swift */,
			);
			path = ViewModel;
			sourceTree = "<group>";
		};
		E41C37F22EDF32EE00A165DB /* View */ = {
			isa = PBXGroup;
			children = (
				E41C37F52EDF436F00A165DB /* HomeItemView.swift */,
				E48E6E042EC5B0F3004C6BE8 /* HomeView.swift */,
			);
			path = View;
			sourceTree = "<group>";
		};
		E41C37FB2EE019DD00A165DB /* Model */ = {
			isa = PBXGroup;
			children = (
				E41C37FE2EE01B5100A165DB /* UserRM.swift */,
				E41C37FC2EE019E600A165DB /* AuthModel.swift */,
			);
			path = Model;
			sourceTree = "<group>";
		};
		E41C38002EE0205400A165DB /* Component */ = {
			isa = PBXGroup;
			children = (
				E41C38012EE0205B00A165DB /* AuthTextField.swift */,
			);
			path = Component;
			sourceTree = "<group>";
		};
		E4812C582EE6090000AF31E4 /* Introduction */ = {
			isa = PBXGroup;
			children = (
				E490FEDE2EE618FB007EE059 /* Dependency */,
				E490FEDB2EE615F8007EE059 /* Model */,
				E4812C5E2EE6092D00AF31E4 /* View */,
				E4812C5D2EE6092400AF31E4 /* ViewMpdel */,
			);
			path = Introduction;
			sourceTree = "<group>";
		};
		E4812C5D2EE6092400AF31E4 /* ViewMpdel */ = {
			isa = PBXGroup;
			children = (
				E4812C5B2EE6091A00AF31E4 /* IntroductionVM.swift */,
			);
			path = ViewMpdel;
			sourceTree = "<group>";
		};
		E4812C5E2EE6092D00AF31E4 /* View */ = {
			isa = PBXGroup;
			children = (
				E4542A092EF1B2D60086D214 /* ExperienceFormView.swift */,
				E4812C592EE6091200AF31E4 /* IntroductionView.swift */,
			);
			path = View;
			sourceTree = "<group>";
		};
		E48E6DD02EC5B0D3004C6BE8 = {
			isa = PBXGroup;
			children = (
				E48E6E062EC5B0F3004C6BE8 /* ErfanApp */,
				E48E6E0B2EC5B0F8004C6BE8 /* ErfanAppTests */,
				E48E6E0F2EC5B0FB004C6BE8 /* ErfanAppUITests */,
				E48E6E122EC61E45004C6BE8 /* Frameworks */,
				E48E6DDA2EC5B0D3004C6BE8 /* Products */,
			);
			sourceTree = "<group>";
		};
		E48E6DDA2EC5B0D3004C6BE8 /* Products */ = {
			isa = PBXGroup;
			children = (
				E48E6DD92EC5B0D3004C6BE8 /* ErfanApp.app */,
				E48E6DE62EC5B0D5004C6BE8 /* ErfanAppTests.xctest */,
				E48E6DF02EC5B0D5004C6BE8 /* ErfanAppUITests.xctest */,
			);
			name = Products;
			sourceTree = "<group>";
		};
		E48E6E062EC5B0F3004C6BE8 /* ErfanApp */ = {
			isa = PBXGroup;
			children = (
				E41C38032EE06B3200A165DB /* ErfanApp.entitlements */,
				E4275E8D2ECDD988002CCAE2 /* Info.plist */,
				E48E6E1F2EC8CD0C004C6BE8 /* Core */,
				E48E6E242EC8CDD0004C6BE8 /* Screens */,
			);
			path = ErfanApp;
			sourceTree = "<group>";
		};
		E48E6E0B2EC5B0F8004C6BE8 /* ErfanAppTests */ = {
			isa = PBXGroup;
			children = (
				E48E6E0A2EC5B0F8004C6BE8 /* ErfanAppTests.swift */,
			);
			path = ErfanAppTests;
			sourceTree = "<group>";
		};
		E48E6E0F2EC5B0FB004C6BE8 /* ErfanAppUITests */ = {
			isa = PBXGroup;
			children = (
				E48E6E0D2EC5B0FB004C6BE8 /* ErfanAppUITests.swift */,
				E48E6E0E2EC5B0FB004C6BE8 /* ErfanAppUITestsLaunchTests.swift */,
			);
			path = ErfanAppUITests;
			sourceTree = "<group>";
		};
		E48E6E122EC61E45004C6BE8 /* Frameworks */ = {
			isa = PBXGroup;
			children = (
				E48E6E1A2EC62313004C6BE8 /* Modules */,
			);
			name = Frameworks;
			sourceTree = "<group>";
		};
		E48E6E1A2EC62313004C6BE8 /* Modules */ = {
			isa = PBXGroup;
			children = (
				E48E6E172EC62313004C6BE8 /* BaseModule */,
				E48E6E182EC62313004C6BE8 /* README.md */,
				E48E6E192EC62313004C6BE8 /* ServiceModule */,
			);
			path = Modules;
			sourceTree = "<group>";
		};
		E48E6E1F2EC8CD0C004C6BE8 /* Core */ = {
			isa = PBXGroup;
			children = (
				E48E6E232EC8CDC2004C6BE8 /* Resources */,
				E48E6E202EC8CD14004C6BE8 /* App */,
			);
			path = Core;
			sourceTree = "<group>";
		};
		E48E6E202EC8CD14004C6BE8 /* App */ = {
			isa = PBXGroup;
			children = (
				E4DB3B1C2ED9D94D008ADB9A /* AppState.swift */,
				E48E6E052EC5B0F3004C6BE8 /* ErfanAppApp.swift */,
				E48E6E212EC8CD2C004C6BE8 /* AppDelegate.swift */,
			);
			path = App;
			sourceTree = "<group>";
		};
		E48E6E232EC8CDC2004C6BE8 /* Resources */ = {
			isa = PBXGroup;
			children = (
				E45429FB2EF18D830086D214 /* menuAnimation.json */,
				E4DB3B152ED81BE5008ADB9A /* GoogleService-Info.plist */,
				E48E6E032EC5B0F3004C6BE8 /* Assets.xcassets */,
			);
			path = Resources;
			sourceTree = "<group>";
		};
		E48E6E242EC8CDD0004C6BE8 /* Screens */ = {
			isa = PBXGroup;
			children = (
				E4E895D32EF8495500EE3CB8 /* CustomViews */,
				E4812C582EE6090000AF31E4 /* Introduction */,
				E41C37F02EDF32DD00A165DB /* Home */,
				E4DB3B112ED8155E008ADB9A /* Splash */,
				4D81FD48C45BA386607DE980 /* Auth */,
			);
			path = Screens;
			sourceTree = "<group>";
		};
		E490FEDB2EE615F8007EE059 /* Model */ = {
			isa = PBXGroup;
			children = (
				E4542A042EF19E6B0086D214 /* UserIntroduction.swift */,
				E4542A002EF19CBF0086D214 /* ExperienceFormState.swift */,
				E490FEDC2EE6160C007EE059 /* Experience.swift */,
			);
			path = Model;
			sourceTree = "<group>";
		};
		E490FEDE2EE618FB007EE059 /* Dependency */ = {
			isa = PBXGroup;
			children = (
				E4542A022EF19E4F0086D214 /* IntroductionService.swift */,
				E490FEDF2EE61908007EE059 /* ExperienceService.swift */,
			);
			path = Dependency;
			sourceTree = "<group>";
		};
		E4DB3B112ED8155E008ADB9A /* Splash */ = {
			isa = PBXGroup;
			children = (
				E4DB3B0F2ED8155E008ADB9A /* SplashView.swift */,
				E4DB3B102ED8155E008ADB9A /* SplashViewModel.swift */,
			);
			path = Splash;
			sourceTree = "<group>";
		};
		E4E895D32EF8495500EE3CB8 /* CustomViews */ = {
			isa = PBXGroup;
			children = (
				E47AAC242EFD968600C50144 /* CollapsableHeaderHelper.swift */,
				E480DA802EF5543100258DE7 /* CollapsableHeaderView.swift */,
			);
			path = CustomViews;
			sourceTree = "<group>";
		};
/* End PBXGroup section */

/* Begin PBXNativeTarget section */
		E48E6DD82EC5B0D3004C6BE8 /* ErfanApp */ = {
			isa = PBXNativeTarget;
			buildConfigurationList = E48E6DFA2EC5B0D5004C6BE8 /* Build configuration list for PBXNativeTarget "ErfanApp" */;
			buildPhases = (
				E48E6DD52EC5B0D3004C6BE8 /* Sources */,
				E48E6DD62EC5B0D3004C6BE8 /* Frameworks */,
				E48E6DD72EC5B0D3004C6BE8 /* Resources */,
			);
			buildRules = (
			);
			dependencies = (
			);
			name = ErfanApp;
			packageProductDependencies = (
				E48E6E1B2EC6240A004C6BE8 /* BaseModule */,
				E48E6E1D2EC6240A004C6BE8 /* ServiceModule */,
				E45429FE2EF18EA50086D214 /* Lottie */,
				E4E895D12EF6E17100EE3CB8 /* SwiftUIIntrospect */,
			);
			productName = ErfanApp;
			productReference = E48E6DD92EC5B0D3004C6BE8 /* ErfanApp.app */;
			productType = "com.apple.product-type.application";
		};
		E48E6DE52EC5B0D5004C6BE8 /* ErfanAppTests */ = {
			isa = PBXNativeTarget;
			buildConfigurationList = E48E6DFD2EC5B0D5004C6BE8 /* Build configuration list for PBXNativeTarget "ErfanAppTests" */;
			buildPhases = (
				E48E6DE22EC5B0D5004C6BE8 /* Sources */,
				E48E6DE32EC5B0D5004C6BE8 /* Frameworks */,
				E48E6DE42EC5B0D5004C6BE8 /* Resources */,
			);
			buildRules = (
			);
			dependencies = (
				E48E6DE82EC5B0D5004C6BE8 /* PBXTargetDependency */,
			);
			name = ErfanAppTests;
			productName = ErfanAppTests;
			productReference = E48E6DE62EC5B0D5004C6BE8 /* ErfanAppTests.xctest */;
			productType = "com.apple.product-type.bundle.unit-test";
		};
		E48E6DEF2EC5B0D5004C6BE8 /* ErfanAppUITests */ = {
			isa = PBXNativeTarget;
			buildConfigurationList = E48E6E002EC5B0D5004C6BE8 /* Build configuration list for PBXNativeTarget "ErfanAppUITests" */;
			buildPhases = (
				E48E6DEC2EC5B0D5004C6BE8 /* Sources */,
				E48E6DED2EC5B0D5004C6BE8 /* Frameworks */,
				E48E6DEE2EC5B0D5004C6BE8 /* Resources */,
			);
			buildRules = (
			);
			dependencies = (
				E48E6DF22EC5B0D5004C6BE8 /* PBXTargetDependency */,
			);
			name = ErfanAppUITests;
			productName = ErfanAppUITests;
			productReference = E48E6DF02EC5B0D5004C6BE8 /* ErfanAppUITests.xctest */;
			productType = "com.apple.product-type.bundle.ui-testing";
		};
/* End PBXNativeTarget section */

/* Begin PBXProject section */
		E48E6DD12EC5B0D3004C6BE8 /* Project object */ = {
			isa = PBXProject;
			attributes = {
				BuildIndependentTargetsInParallel = 1;
				LastSwiftUpdateCheck = 2600;
				LastUpgradeCheck = 2600;
				TargetAttributes = {
					E48E6DD82EC5B0D3004C6BE8 = {
						CreatedOnToolsVersion = 26.0.1;
					};
					E48E6DE52EC5B0D5004C6BE8 = {
						CreatedOnToolsVersion = 26.0.1;
						TestTargetID = E48E6DD82EC5B0D3004C6BE8;
					};
					E48E6DEF2EC5B0D5004C6BE8 = {
						CreatedOnToolsVersion = 26.0.1;
						TestTargetID = E48E6DD82EC5B0D3004C6BE8;
					};
				};
			};
			buildConfigurationList = E48E6DD42EC5B0D3004C6BE8 /* Build configuration list for PBXProject "ErfanApp" */;
			developmentRegion = en;
			hasScannedForEncodings = 0;
			knownRegions = (
				en,
				ar,
			);
			mainGroup = E48E6DD02EC5B0D3004C6BE8;
			minimizedProjectReferenceProxies = 1;
			packageReferences = (
				E45429FD2EF18EA50086D214 /* XCRemoteSwiftPackageReference "lottie-ios" */,
				E4E895D02EF6E17100EE3CB8 /* XCRemoteSwiftPackageReference "swiftui-introspect" */,
			);
			preferredProjectObjectVersion = 77;
			productRefGroup = E48E6DDA2EC5B0D3004C6BE8 /* Products */;
			projectDirPath = "";
			projectRoot = "";
			targets = (
				E48E6DD82EC5B0D3004C6BE8 /* ErfanApp */,
				E48E6DE52EC5B0D5004C6BE8 /* ErfanAppTests */,
				E48E6DEF2EC5B0D5004C6BE8 /* ErfanAppUITests */,
			);
		};
/* End PBXProject section */

/* Begin PBXResourcesBuildPhase section */
		E48E6DD72EC5B0D3004C6BE8 /* Resources */ = {
			isa = PBXResourcesBuildPhase;
			buildActionMask = 2147483647;
			files = (
				E4DB3B162ED81BE5008ADB9A /* GoogleService-Info.plist in Resources */,
				E45429FC2EF18D840086D214 /* menuAnimation.json in Resources */,
				E48E6E072EC5B0F3004C6BE8 /* Assets.xcassets in Resources */,
			);
			runOnlyForDeploymentPostprocessing = 0;
		};
		E48E6DE42EC5B0D5004C6BE8 /* Resources */ = {
			isa = PBXResourcesBuildPhase;
			buildActionMask = 2147483647;
			files = (
			);
			runOnlyForDeploymentPostprocessing = 0;
		};
		E48E6DEE2EC5B0D5004C6BE8 /* Resources */ = {
			isa = PBXResourcesBuildPhase;
			buildActionMask = 2147483647;
			files = (
			);
			runOnlyForDeploymentPostprocessing = 0;
		};
/* End PBXResourcesBuildPhase section */

/* Begin PBXSourcesBuildPhase section */
		E48E6DD52EC5B0D3004C6BE8 /* Sources */ = {
			isa = PBXSourcesBuildPhase;
			buildActionMask = 2147483647;
			files = (
				E41C37F42EDF32FF00A165DB /* HomeViewModel.swift in Sources */,
				E4542A0A2EF1B2D60086D214 /* ExperienceFormView.swift in Sources */,
				E48E6E222EC8CD2C004C6BE8 /* AppDelegate.swift in Sources */,
				E47AAC252EFD968600C50144 /* CollapsableHeaderHelper.swift in Sources */,
				E4542A052EF19E720086D214 /* UserIntroduction.swift in Sources */,
				E48E6E082EC5B0F3004C6BE8 /* HomeView.swift in Sources */,
				E4542A032EF19E650086D214 /* IntroductionService.swift in Sources */,
				E490FEDD2EE6160C007EE059 /* Experience.swift in Sources */,
				E4812C5C2EE6092100AF31E4 /* IntroductionVM.swift in Sources */,
				E4DB3B1D2ED9D952008ADB9A /* AppState.swift in Sources */,
				E41C37FD2EE019F200A165DB /* AuthModel.swift in Sources */,
				E48E6E092EC5B0F3004C6BE8 /* ErfanAppApp.swift in Sources */,
				923185F03AD5ADDEA7DD9447 /* AuthViewModel.swift in Sources */,
				736C6181A9FC5BC089E39866 /* AuthViewModel.swift in Sources */,
				67848498FDE4E7DAD9AAFDA8 /* LoginView.swift in Sources */,
				E41C38022EE0206200A165DB /* AuthTextField.swift in Sources */,
				11296265CAB8004CF7D5B5AD /* LoginView.swift in Sources */,
				14A21A1481A7311FE6C606CA /* SignUpView.swift in Sources */,
				E41C37F62EDF437500A165DB /* HomeItemView.swift in Sources */,
				E480DA812EF5543100258DE7 /* CollapsableHeaderView.swift in Sources */,
				E4DB3B122ED8155E008ADB9A /* SplashViewModel.swift in Sources */,
				E4DB3B132ED8155E008ADB9A /* SplashView.swift in Sources */,
				E490FEE02EE61911007EE059 /* ExperienceService.swift in Sources */,
				CB05613A96555028029497B8 /* SignUpView.swift in Sources */,
				A8B0D9CFDEB338B340C3BC68 /* ForgotPasswordView.swift in Sources */,
				243F82120872BB58E7212D39 /* ForgotPasswordView.swift in Sources */,
				E4542A012EF19CBF0086D214 /* ExperienceFormState.swift in Sources */,
				E4812C5A2EE6091600AF31E4 /* IntroductionView.swift in Sources */,
				E41C37FF2EE01B5E00A165DB /* UserRM.swift in Sources */,
				AB47E87A5F3F3E6C257A7280 /* AuthContainerView.swift in Sources */,
				125146DEAEFC1B8B680A9C1E /* AuthContainerView.swift in Sources */,
			);
			runOnlyForDeploymentPostprocessing = 0;
		};
		E48E6DE22EC5B0D5004C6BE8 /* Sources */ = {
			isa = PBXSourcesBuildPhase;
			buildActionMask = 2147483647;
			files = (
				E48E6E0C2EC5B0F8004C6BE8 /* ErfanAppTests.swift in Sources */,
			);
			runOnlyForDeploymentPostprocessing = 0;
		};
		E48E6DEC2EC5B0D5004C6BE8 /* Sources */ = {
			isa = PBXSourcesBuildPhase;
			buildActionMask = 2147483647;
			files = (
				E48E6E102EC5B0FB004C6BE8 /* ErfanAppUITests.swift in Sources */,
				E48E6E112EC5B0FB004C6BE8 /* ErfanAppUITestsLaunchTests.swift in Sources */,
			);
			runOnlyForDeploymentPostprocessing = 0;
		};
/* End PBXSourcesBuildPhase section */

/* Begin PBXTargetDependency section */
		E48E6DE82EC5B0D5004C6BE8 /* PBXTargetDependency */ = {
			isa = PBXTargetDependency;
			target = E48E6DD82EC5B0D3004C6BE8 /* ErfanApp */;
			targetProxy = E48E6DE72EC5B0D5004C6BE8 /* PBXContainerItemProxy */;
		};
		E48E6DF22EC5B0D5004C6BE8 /* PBXTargetDependency */ = {
			isa = PBXTargetDependency;
			target = E48E6DD82EC5B0D3004C6BE8 /* ErfanApp */;
			targetProxy = E48E6DF12EC5B0D5004C6BE8 /* PBXContainerItemProxy */;
		};
/* End PBXTargetDependency section */

/* Begin XCBuildConfiguration section */
		E48E6DF82EC5B0D5004C6BE8 /* Debug */ = {
			isa = XCBuildConfiguration;
			buildSettings = {
				ALWAYS_SEARCH_USER_PATHS = NO;
				ASSETCATALOG_COMPILER_GENERATE_SWIFT_ASSET_SYMBOL_EXTENSIONS = YES;
				CLANG_ANALYZER_NONNULL = YES;
				CLANG_ANALYZER_NUMBER_OBJECT_CONVERSION = YES_AGGRESSIVE;
				CLANG_CXX_LANGUAGE_STANDARD = "gnu++20";
				CLANG_ENABLE_MODULES = YES;
				CLANG_ENABLE_OBJC_ARC = YES;
				CLANG_ENABLE_OBJC_WEAK = YES;
				CLANG_WARN_BLOCK_CAPTURE_AUTORELEASING = YES;
				CLANG_WARN_BOOL_CONVERSION = YES;
				CLANG_WARN_COMMA = YES;
				CLANG_WARN_CONSTANT_CONVERSION = YES;
				CLANG_WARN_DEPRECATED_OBJC_IMPLEMENTATIONS = YES;
				CLANG_WARN_DIRECT_OBJC_ISA_USAGE = YES_ERROR;
				CLANG_WARN_DOCUMENTATION_COMMENTS = YES;
				CLANG_WARN_EMPTY_BODY = YES;
				CLANG_WARN_ENUM_CONVERSION = YES;
				CLANG_WARN_INFINITE_RECURSION = YES;
				CLANG_WARN_INT_CONVERSION = YES;
				CLANG_WARN_NON_LITERAL_NULL_CONVERSION = YES;
				CLANG_WARN_OBJC_IMPLICIT_RETAIN_SELF = YES;
				CLANG_WARN_OBJC_LITERAL_CONVERSION = YES;
				CLANG_WARN_OBJC_ROOT_CLASS = YES_ERROR;
				CLANG_WARN_QUOTED_INCLUDE_IN_FRAMEWORK_HEADER = YES;
				CLANG_WARN_RANGE_LOOP_ANALYSIS = YES;
				CLANG_WARN_STRICT_PROTOTYPES = YES;
				CLANG_WARN_SUSPICIOUS_MOVE = YES;
				CLANG_WARN_UNGUARDED_AVAILABILITY = YES_AGGRESSIVE;
				CLANG_WARN_UNREACHABLE_CODE = YES;
				CLANG_WARN__DUPLICATE_METHOD_MATCH = YES;
				COPY_PHASE_STRIP = NO;
				DEBUG_INFORMATION_FORMAT = dwarf;
				DEVELOPMENT_TEAM = A93LZ79VS9;
				ENABLE_STRICT_OBJC_MSGSEND = YES;
				ENABLE_TESTABILITY = YES;
				ENABLE_USER_SCRIPT_SANDBOXING = YES;
				GCC_C_LANGUAGE_STANDARD = gnu17;
				GCC_DYNAMIC_NO_PIC = NO;
				GCC_NO_COMMON_BLOCKS = YES;
				GCC_OPTIMIZATION_LEVEL = 0;
				GCC_PREPROCESSOR_DEFINITIONS = (
					"DEBUG=1",
					"$(inherited)",
				);
				GCC_WARN_64_TO_32_BIT_CONVERSION = YES;
				GCC_WARN_ABOUT_RETURN_TYPE = YES_ERROR;
				GCC_WARN_UNDECLARED_SELECTOR = YES;
				GCC_WARN_UNINITIALIZED_AUTOS = YES_AGGRESSIVE;
				GCC_WARN_UNUSED_FUNCTION = YES;
				GCC_WARN_UNUSED_VARIABLE = YES;
				IPHONEOS_DEPLOYMENT_TARGET = 26.0;
				LOCALIZATION_PREFERS_STRING_CATALOGS = YES;
				MTL_ENABLE_DEBUG_INFO = INCLUDE_SOURCE;
				MTL_FAST_MATH = YES;
				ONLY_ACTIVE_ARCH = YES;
				SDKROOT = iphoneos;
				SWIFT_ACTIVE_COMPILATION_CONDITIONS = "DEBUG $(inherited)";
				SWIFT_OPTIMIZATION_LEVEL = "-Onone";
			};
			name = Debug;
		};
		E48E6DF92EC5B0D5004C6BE8 /* Release */ = {
			isa = XCBuildConfiguration;
			buildSettings = {
				ALWAYS_SEARCH_USER_PATHS = NO;
				ASSETCATALOG_COMPILER_GENERATE_SWIFT_ASSET_SYMBOL_EXTENSIONS = YES;
				CLANG_ANALYZER_NONNULL = YES;
				CLANG_ANALYZER_NUMBER_OBJECT_CONVERSION = YES_AGGRESSIVE;
				CLANG_CXX_LANGUAGE_STANDARD = "gnu++20";
				CLANG_ENABLE_MODULES = YES;
				CLANG_ENABLE_OBJC_ARC = YES;
				CLANG_ENABLE_OBJC_WEAK = YES;
				CLANG_WARN_BLOCK_CAPTURE_AUTORELEASING = YES;
				CLANG_WARN_BOOL_CONVERSION = YES;
				CLANG_WARN_COMMA = YES;
				CLANG_WARN_CONSTANT_CONVERSION = YES;
				CLANG_WARN_DEPRECATED_OBJC_IMPLEMENTATIONS = YES;
				CLANG_WARN_DIRECT_OBJC_ISA_USAGE = YES_ERROR;
				CLANG_WARN_DOCUMENTATION_COMMENTS = YES;
				CLANG_WARN_EMPTY_BODY = YES;
				CLANG_WARN_ENUM_CONVERSION = YES;
				CLANG_WARN_INFINITE_RECURSION = YES;
				CLANG_WARN_INT_CONVERSION = YES;
				CLANG_WARN_NON_LITERAL_NULL_CONVERSION = YES;
				CLANG_WARN_OBJC_IMPLICIT_RETAIN_SELF = YES;
				CLANG_WARN_OBJC_LITERAL_CONVERSION = YES;
				CLANG_WARN_OBJC_ROOT_CLASS = YES_ERROR;
				CLANG_WARN_QUOTED_INCLUDE_IN_FRAMEWORK_HEADER = YES;
				CLANG_WARN_RANGE_LOOP_ANALYSIS = YES;
				CLANG_WARN_STRICT_PROTOTYPES = YES;
				CLANG_WARN_SUSPICIOUS_MOVE = YES;
				CLANG_WARN_UNGUARDED_AVAILABILITY = YES_AGGRESSIVE;
				CLANG_WARN_UNREACHABLE_CODE = YES;
				CLANG_WARN__DUPLICATE_METHOD_MATCH = YES;
				COPY_PHASE_STRIP = NO;
				DEBUG_INFORMATION_FORMAT = "dwarf-with-dsym";
				DEVELOPMENT_TEAM = A93LZ79VS9;
				ENABLE_NS_ASSERTIONS = NO;
				ENABLE_STRICT_OBJC_MSGSEND = YES;
				ENABLE_USER_SCRIPT_SANDBOXING = YES;
				GCC_C_LANGUAGE_STANDARD = gnu17;
				GCC_NO_COMMON_BLOCKS = YES;
				GCC_WARN_64_TO_32_BIT_CONVERSION = YES;
				GCC_WARN_ABOUT_RETURN_TYPE = YES_ERROR;
				GCC_WARN_UNDECLARED_SELECTOR = YES;
				GCC_WARN_UNINITIALIZED_AUTOS = YES_AGGRESSIVE;
				GCC_WARN_UNUSED_FUNCTION = YES;
				GCC_WARN_UNUSED_VARIABLE = YES;
				IPHONEOS_DEPLOYMENT_TARGET = 26.0;
				LOCALIZATION_PREFERS_STRING_CATALOGS = YES;
				MTL_ENABLE_DEBUG_INFO = NO;
				MTL_FAST_MATH = YES;
				SDKROOT = iphoneos;
				SWIFT_COMPILATION_MODE = wholemodule;
				VALIDATE_PRODUCT = YES;
			};
			name = Release;
		};
		E48E6DFB2EC5B0D5004C6BE8 /* Debug */ = {
			isa = XCBuildConfiguration;
			buildSettings = {
				ASSETCATALOG_COMPILER_APPICON_NAME = AppIcon;
				ASSETCATALOG_COMPILER_GLOBAL_ACCENT_COLOR_NAME = AccentColor;
				CODE_SIGN_ENTITLEMENTS = ErfanApp/ErfanApp.entitlements;
				CODE_SIGN_STYLE = Automatic;
				CURRENT_PROJECT_VERSION = 1;
				DEVELOPMENT_TEAM = AF5VQ8R5DZ;
				ENABLE_PREVIEWS = YES;
				GENERATE_INFOPLIST_FILE = YES;
				INFOPLIST_FILE = ErfanApp/Info.plist;
				INFOPLIST_KEY_UIApplicationSceneManifest_Generation = YES;
				INFOPLIST_KEY_UIApplicationSupportsIndirectInputEvents = YES;
				INFOPLIST_KEY_UILaunchScreen_Generation = YES;
				INFOPLIST_KEY_UISupportedInterfaceOrientations_iPad = "UIInterfaceOrientationPortrait UIInterfaceOrientationPortraitUpsideDown UIInterfaceOrientationLandscapeLeft UIInterfaceOrientationLandscapeRight";
				INFOPLIST_KEY_UISupportedInterfaceOrientations_iPhone = "UIInterfaceOrientationPortrait UIInterfaceOrientationLandscapeLeft UIInterfaceOrientationLandscapeRight";
				IPHONEOS_DEPLOYMENT_TARGET = 18;
				LD_RUNPATH_SEARCH_PATHS = (
					"$(inherited)",
					"@executable_path/Frameworks",
				);
				MARKETING_VERSION = 1.0;
				PRODUCT_BUNDLE_IDENTIFIER = "ios.erfan-dadras.com.ErfanApp";
				PRODUCT_NAME = "$(TARGET_NAME)";
				STRING_CATALOG_GENERATE_SYMBOLS = YES;
				SWIFT_APPROACHABLE_CONCURRENCY = YES;
				SWIFT_DEFAULT_ACTOR_ISOLATION = MainActor;
				SWIFT_EMIT_LOC_STRINGS = YES;
				SWIFT_UPCOMING_FEATURE_MEMBER_IMPORT_VISIBILITY = YES;
				SWIFT_VERSION = 5.0;
				TARGETED_DEVICE_FAMILY = "1,2";
			};
			name = Debug;
		};
		E48E6DFC2EC5B0D5004C6BE8 /* Release */ = {
			isa = XCBuildConfiguration;
			buildSettings = {
				ASSETCATALOG_COMPILER_APPICON_NAME = AppIcon;
				ASSETCATALOG_COMPILER_GLOBAL_ACCENT_COLOR_NAME = AccentColor;
				CODE_SIGN_ENTITLEMENTS = ErfanApp/ErfanApp.entitlements;
				CODE_SIGN_STYLE = Automatic;
				CURRENT_PROJECT_VERSION = 1;
				DEVELOPMENT_TEAM = AF5VQ8R5DZ;
				ENABLE_PREVIEWS = YES;
				GENERATE_INFOPLIST_FILE = YES;
				INFOPLIST_FILE = ErfanApp/Info.plist;
				INFOPLIST_KEY_UIApplicationSceneManifest_Generation = YES;
				INFOPLIST_KEY_UIApplicationSupportsIndirectInputEvents = YES;
				INFOPLIST_KEY_UILaunchScreen_Generation = YES;
				INFOPLIST_KEY_UISupportedInterfaceOrientations_iPad = "UIInterfaceOrientationPortrait UIInterfaceOrientationPortraitUpsideDown UIInterfaceOrientationLandscapeLeft UIInterfaceOrientationLandscapeRight";
				INFOPLIST_KEY_UISupportedInterfaceOrientations_iPhone = "UIInterfaceOrientationPortrait UIInterfaceOrientationLandscapeLeft UIInterfaceOrientationLandscapeRight";
				IPHONEOS_DEPLOYMENT_TARGET = 18;
				LD_RUNPATH_SEARCH_PATHS = (
					"$(inherited)",
					"@executable_path/Frameworks",
				);
				MARKETING_VERSION = 1.0;
				PRODUCT_BUNDLE_IDENTIFIER = "ios.erfan-dadras.com.ErfanApp";
				PRODUCT_NAME = "$(TARGET_NAME)";
				STRING_CATALOG_GENERATE_SYMBOLS = YES;
				SWIFT_APPROACHABLE_CONCURRENCY = YES;
				SWIFT_DEFAULT_ACTOR_ISOLATION = MainActor;
				SWIFT_EMIT_LOC_STRINGS = YES;
				SWIFT_UPCOMING_FEATURE_MEMBER_IMPORT_VISIBILITY = YES;
				SWIFT_VERSION = 5.0;
				TARGETED_DEVICE_FAMILY = "1,2";
			};
			name = Release;
		};
		E48E6DFE2EC5B0D5004C6BE8 /* Debug */ = {
			isa = XCBuildConfiguration;
			buildSettings = {
				BUNDLE_LOADER = "$(TEST_HOST)";
				CODE_SIGN_STYLE = Automatic;
				CURRENT_PROJECT_VERSION = 1;
				DEVELOPMENT_TEAM = A93LZ79VS9;
				GENERATE_INFOPLIST_FILE = YES;
				IPHONEOS_DEPLOYMENT_TARGET = 26.0;
				MARKETING_VERSION = 1.0;
				PRODUCT_BUNDLE_IDENTIFIER = "ios.erfan-dadras.com.ErfanAppTests";
				PRODUCT_NAME = "$(TARGET_NAME)";
				STRING_CATALOG_GENERATE_SYMBOLS = NO;
				SWIFT_APPROACHABLE_CONCURRENCY = YES;
				SWIFT_EMIT_LOC_STRINGS = NO;
				SWIFT_UPCOMING_FEATURE_MEMBER_IMPORT_VISIBILITY = YES;
				SWIFT_VERSION = 5.0;
				TARGETED_DEVICE_FAMILY = "1,2";
				TEST_HOST = "$(BUILT_PRODUCTS_DIR)/ErfanApp.app/$(BUNDLE_EXECUTABLE_FOLDER_PATH)/ErfanApp";
			};
			name = Debug;
		};
		E48E6DFF2EC5B0D5004C6BE8 /* Release */ = {
			isa = XCBuildConfiguration;
			buildSettings = {
				BUNDLE_LOADER = "$(TEST_HOST)";
				CODE_SIGN_STYLE = Automatic;
				CURRENT_PROJECT_VERSION = 1;
				DEVELOPMENT_TEAM = A93LZ79VS9;
				GENERATE_INFOPLIST_FILE = YES;
				IPHONEOS_DEPLOYMENT_TARGET = 26.0;
				MARKETING_VERSION = 1.0;
				PRODUCT_BUNDLE_IDENTIFIER = "ios.erfan-dadras.com.ErfanAppTests";
				PRODUCT_NAME = "$(TARGET_NAME)";
				STRING_CATALOG_GENERATE_SYMBOLS = NO;
				SWIFT_APPROACHABLE_CONCURRENCY = YES;
				SWIFT_EMIT_LOC_STRINGS = NO;
				SWIFT_UPCOMING_FEATURE_MEMBER_IMPORT_VISIBILITY = YES;
				SWIFT_VERSION = 5.0;
				TARGETED_DEVICE_FAMILY = "1,2";
				TEST_HOST = "$(BUILT_PRODUCTS_DIR)/ErfanApp.app/$(BUNDLE_EXECUTABLE_FOLDER_PATH)/ErfanApp";
			};
			name = Release;
		};
		E48E6E012EC5B0D5004C6BE8 /* Debug */ = {
			isa = XCBuildConfiguration;
			buildSettings = {
				CODE_SIGN_STYLE = Automatic;
				CURRENT_PROJECT_VERSION = 1;
				DEVELOPMENT_TEAM = A93LZ79VS9;
				GENERATE_INFOPLIST_FILE = YES;
				MARKETING_VERSION = 1.0;
				PRODUCT_BUNDLE_IDENTIFIER = "ios.erfan-dadras.com.ErfanAppUITests";
				PRODUCT_NAME = "$(TARGET_NAME)";
				STRING_CATALOG_GENERATE_SYMBOLS = NO;
				SWIFT_APPROACHABLE_CONCURRENCY = YES;
				SWIFT_EMIT_LOC_STRINGS = NO;
				SWIFT_UPCOMING_FEATURE_MEMBER_IMPORT_VISIBILITY = YES;
				SWIFT_VERSION = 5.0;
				TARGETED_DEVICE_FAMILY = "1,2";
				TEST_TARGET_NAME = ErfanApp;
			};
			name = Debug;
		};
		E48E6E022EC5B0D5004C6BE8 /* Release */ = {
			isa = XCBuildConfiguration;
			buildSettings = {
				CODE_SIGN_STYLE = Automatic;
				CURRENT_PROJECT_VERSION = 1;
				DEVELOPMENT_TEAM = A93LZ79VS9;
				GENERATE_INFOPLIST_FILE = YES;
				MARKETING_VERSION = 1.0;
				PRODUCT_BUNDLE_IDENTIFIER = "ios.erfan-dadras.com.ErfanAppUITests";
				PRODUCT_NAME = "$(TARGET_NAME)";
				STRING_CATALOG_GENERATE_SYMBOLS = NO;
				SWIFT_APPROACHABLE_CONCURRENCY = YES;
				SWIFT_EMIT_LOC_STRINGS = NO;
				SWIFT_UPCOMING_FEATURE_MEMBER_IMPORT_VISIBILITY = YES;
				SWIFT_VERSION = 5.0;
				TARGETED_DEVICE_FAMILY = "1,2";
				TEST_TARGET_NAME = ErfanApp;
			};
			name = Release;
		};
/* End XCBuildConfiguration section */

/* Begin XCConfigurationList section */
		E48E6DD42EC5B0D3004C6BE8 /* Build configuration list for PBXProject "ErfanApp" */ = {
			isa = XCConfigurationList;
			buildConfigurations = (
				E48E6DF82EC5B0D5004C6BE8 /* Debug */,
				E48E6DF92EC5B0D5004C6BE8 /* Release */,
			);
			defaultConfigurationIsVisible = 0;
			defaultConfigurationName = Release;
		};
		E48E6DFA2EC5B0D5004C6BE8 /* Build configuration list for PBXNativeTarget "ErfanApp" */ = {
			isa = XCConfigurationList;
			buildConfigurations = (
				E48E6DFB2EC5B0D5004C6BE8 /* Debug */,
				E48E6DFC2EC5B0D5004C6BE8 /* Release */,
			);
			defaultConfigurationIsVisible = 0;
			defaultConfigurationName = Release;
		};
		E48E6DFD2EC5B0D5004C6BE8 /* Build configuration list for PBXNativeTarget "ErfanAppTests" */ = {
			isa = XCConfigurationList;
			buildConfigurations = (
				E48E6DFE2EC5B0D5004C6BE8 /* Debug */,
				E48E6DFF2EC5B0D5004C6BE8 /* Release */,
			);
			defaultConfigurationIsVisible = 0;
			defaultConfigurationName = Release;
		};
		E48E6E002EC5B0D5004C6BE8 /* Build configuration list for PBXNativeTarget "ErfanAppUITests" */ = {
			isa = XCConfigurationList;
			buildConfigurations = (
				E48E6E012EC5B0D5004C6BE8 /* Debug */,
				E48E6E022EC5B0D5004C6BE8 /* Release */,
			);
			defaultConfigurationIsVisible = 0;
			defaultConfigurationName = Release;
		};
/* End XCConfigurationList section */

/* Begin XCRemoteSwiftPackageReference section */
		E45429FD2EF18EA50086D214 /* XCRemoteSwiftPackageReference "lottie-ios" */ = {
			isa = XCRemoteSwiftPackageReference;
			repositoryURL = "https://github.com/airbnb/lottie-ios";
			requirement = {
				kind = upToNextMajorVersion;
				minimumVersion = 4.5.2;
			};
		};
		E4E895D02EF6E17100EE3CB8 /* XCRemoteSwiftPackageReference "swiftui-introspect" */ = {
			isa = XCRemoteSwiftPackageReference;
			repositoryURL = "https://github.com/siteline/swiftui-introspect";
			requirement = {
				kind = upToNextMajorVersion;
				minimumVersion = 26.0.0;
			};
		};
/* End XCRemoteSwiftPackageReference section */

/* Begin XCSwiftPackageProductDependency section */
		E45429FE2EF18EA50086D214 /* Lottie */ = {
			isa = XCSwiftPackageProductDependency;
			package = E45429FD2EF18EA50086D214 /* XCRemoteSwiftPackageReference "lottie-ios" */;
			productName = Lottie;
		};
		E48E6E1B2EC6240A004C6BE8 /* BaseModule */ = {
			isa = XCSwiftPackageProductDependency;
			productName = BaseModule;
		};
		E48E6E1D2EC6240A004C6BE8 /* ServiceModule */ = {
			isa = XCSwiftPackageProductDependency;
			productName = ServiceModule;
		};
		E4E895D12EF6E17100EE3CB8 /* SwiftUIIntrospect */ = {
			isa = XCSwiftPackageProductDependency;
			package = E4E895D02EF6E17100EE3CB8 /* XCRemoteSwiftPackageReference "swiftui-introspect" */;
			productName = SwiftUIIntrospect;
		};
/* End XCSwiftPackageProductDependency section */
	};
	rootObject = E48E6DD12EC5B0D3004C6BE8 /* Project object */;
}
