// !$*UTF8*$!
{
	archiveVersion = 1;
	classes = {
	};
	objectVersion = 77;
	objects = {

/* Begin PBXBuildFile section */
		11296265CAB8004CF7D5B5AD /* LoginView.swift in Sources */ = {isa = PBXBuildFile; fileRef = F5AED9009BC05A1119394332 /* LoginView.swift */; };
		125146DEAEFC1B8B680A9C1E /* AuthContainerView.swift in Sources */ = {isa = PBXBuildFile; fileRef = D6A5778909DABA8352CC002B /* AuthContainerView.swift */; };
		14A21A1481A7311FE6C606CA /* SignUpView.swift in Sources */ = {isa = PBXBuildFile; fileRef = F50A6DF761F83B9EBEA9365B /* SignUpView.swift */; };
		243F82120872BB58E7212D39 /* ForgotPasswordView.swift in Sources */ = {isa = PBXBuildFile; fileRef = 3DB91B4560588658ABBD231C /* ForgotPasswordView.swift */; };
		67848498FDE4E7DAD9AAFDA8 /* LoginView.swift in Sources */ = {isa = PBXBuildFile; fileRef = F5AED9009BC05A1119394332 /* LoginView.swift */; };
		736C6181A9FC5BC089E39866 /* AuthViewModel.swift in Sources */ = {isa = PBXBuildFile; fileRef = 0C0FA2EFF3FED2DD516F1BC2 /* AuthViewModel.swift */; };
		923185F03AD5ADDEA7DD9447 /* AuthViewModel.swift in Sources */ = {isa = PBXBuildFile; fileRef = 0C0FA2EFF3FED2DD516F1BC2 /* AuthViewModel.swift */; };
		A8B0D9CFDEB338B340C3BC68 /* ForgotPasswordView.swift in Sources */ = {isa = PBXBuildFile; fileRef = 3DB91B4560588658ABBD231C /* ForgotPasswordView.swift */; };
		AB47E87A5F3F3E6C257A7280 /* AuthContainerView.swift in Sources */ = {isa = PBXBuildFile; fileRef = D6A5778909DABA8352CC002B /* AuthContainerView.swift */; };
		CB05613A96555028029497B8 /* SignUpView.swift in Sources */ = {isa = PBXBuildFile; fileRef = F50A6DF761F83B9EBEA9365B /* SignUpView.swift */; };
		E48E6E072EC5B0F3004C6BE8 /* Assets.xcassets in Resources */ = {isa = PBXBuildFile; fileRef = E48E6E032EC5B0F3004C6BE8 /* Assets.xcassets */; };
		E48E6E082EC5B0F3004C6BE8 /* ContentView.swift in Sources */ = {isa = PBXBuildFile; fileRef = E48E6E042EC5B0F3004C6BE8 /* ContentView.swift */; };
		E48E6E092EC5B0F3004C6BE8 /* ErfanAppApp.swift in Sources */ = {isa = PBXBuildFile; fileRef = E48E6E052EC5B0F3004C6BE8 /* ErfanAppApp.swift */; };
		E48E6E0C2EC5B0F8004C6BE8 /* ErfanAppTests.swift in Sources */ = {isa = PBXBuildFile; fileRef = E48E6E0A2EC5B0F8004C6BE8 /* ErfanAppTests.swift */; };
		E48E6E102EC5B0FB004C6BE8 /* ErfanAppUITests.swift in Sources */ = {isa = PBXBuildFile; fileRef = E48E6E0D2EC5B0FB004C6BE8 /* ErfanAppUITests.swift */; };
		E48E6E112EC5B0FB004C6BE8 /* ErfanAppUITestsLaunchTests.swift in Sources */ = {isa = PBXBuildFile; fileRef = E48E6E0E2EC5B0FB004C6BE8 /* ErfanAppUITestsLaunchTests.swift */; };
		E48E6E1C2EC6240A004C6BE8 /* BaseModule in Frameworks */ = {isa = PBXBuildFile; productRef = E48E6E1B2EC6240A004C6BE8 /* BaseModule */; };
		E48E6E1E2EC6240A004C6BE8 /* ServiceModule in Frameworks */ = {isa = PBXBuildFile; productRef = E48E6E1D2EC6240A004C6BE8 /* ServiceModule */; };
		E48E6E222EC8CD2C004C6BE8 /* AppDelegate.swift in Sources */ = {isa = PBXBuildFile; fileRef = E48E6E212EC8CD2C004C6BE8 /* AppDelegate.swift */; };
/* End PBXBuildFile section */

/* Begin PBXContainerItemProxy section */
		E48E6DE72EC5B0D5004C6BE8 /* PBXContainerItemProxy */ = {
			isa = PBXContainerItemProxy;
			containerPortal = E48E6DD12EC5B0D3004C6BE8 /* Project object */;
			proxyType = 1;
			remoteGlobalIDString = E48E6DD82EC5B0D3004C6BE8;
			remoteInfo = ErfanApp;
		};
		E48E6DF12EC5B0D5004C6BE8 /* PBXContainerItemProxy */ = {
			isa = PBXContainerItemProxy;
			containerPortal = E48E6DD12EC5B0D3004C6BE8 /* Project object */;
			proxyType = 1;
			remoteGlobalIDString = E48E6DD82EC5B0D3004C6BE8;
			remoteInfo = ErfanApp;
		};
/* End PBXContainerItemProxy section */

/* Begin PBXFileReference section */
		0A97706D02A089B71231E522 /* SignUpView.swift */ = {isa = PBXFileReference; includeInIndex = 1; lastKnownFileType = sourcecode.swift; name = SignUpView.swift; path = ErfanApp/Screens/Auth/Views/SignUpView.swift; sourceTree = "<group>"; };
		0C0FA2EFF3FED2DD516F1BC2 /* AuthViewModel.swift */ = {isa = PBXFileReference; includeInIndex = 1; lastKnownFileType = sourcecode.swift; path = AuthViewModel.swift; sourceTree = "<group>"; };
		1189E4E11E4DC180708BE701 /* AuthViewModel.swift */ = {isa = PBXFileReference; includeInIndex = 1; lastKnownFileType = sourcecode.swift; name = AuthViewModel.swift; path = ErfanApp/Screens/Auth/ViewModel/AuthViewModel.swift; sourceTree = "<group>"; };
		1BC8112D475EA4F383930C8C /* LoginView.swift */ = {isa = PBXFileReference; includeInIndex = 1; lastKnownFileType = sourcecode.swift; name = LoginView.swift; path = ErfanApp/Screens/Auth/Views/LoginView.swift; sourceTree = "<group>"; };
		3DB91B4560588658ABBD231C /* ForgotPasswordView.swift */ = {isa = PBXFileReference; includeInIndex = 1; lastKnownFileType = sourcecode.swift; path = ForgotPasswordView.swift; sourceTree = "<group>"; };
		433AD555ACD33A4ED4471A20 /* ForgotPasswordView.swift */ = {isa = PBXFileReference; includeInIndex = 1; lastKnownFileType = sourcecode.swift; name = ForgotPasswordView.swift; path = ErfanApp/Screens/Auth/Views/ForgotPasswordView.swift; sourceTree = "<group>"; };
		5D61F1246FA34F2F593CFD89 /* SignUpView.swift */ = {isa = PBXFileReference; includeInIndex = 1; lastKnownFileType = sourcecode.swift; name = SignUpView.swift; path = ErfanApp/Screens/Auth/Views/SignUpView.swift; sourceTree = "<group>"; };
		A1582C3F550E09C3D716E9CC /* AuthViewModel.swift */ = {isa = PBXFileReference; includeInIndex = 1; lastKnownFileType = sourcecode.swift; name = AuthViewModel.swift; path = ErfanApp/Screens/Auth/ViewModel/AuthViewModel.swift; sourceTree = "<group>"; };
		C4E1F2FA5B6E8342D48662B7 /* ForgotPasswordView.swift */ = {isa = PBXFileReference; includeInIndex = 1; lastKnownFileType = sourcecode.swift; name = ForgotPasswordView.swift; path = ErfanApp/Screens/Auth/Views/ForgotPasswordView.swift; sourceTree = "<group>"; };
		D6A5778909DABA8352CC002B /* AuthContainerView.swift */ = {isa = PBXFileReference; includeInIndex = 1; lastKnownFileType = sourcecode.swift; path = AuthContainerView.swift; sourceTree = "<group>"; };
		E368E25CF74ED77226B4DE4A /* LoginView.swift */ = {isa = PBXFileReference; includeInIndex = 1; lastKnownFileType = sourcecode.swift; name = LoginView.swift; path = ErfanApp/Screens/Auth/Views/LoginView.swift; sourceTree = "<group>"; };
		E4275E8D2ECDD988002CCAE2 /* Info.plist */ = {isa = PBXFileReference; lastKnownFileType = text.plist; path = Info.plist; sourceTree = "<group>"; };
		E48E6DD92EC5B0D3004C6BE8 /* ErfanApp.app */ = {isa = PBXFileReference; explicitFileType = wrapper.application; includeInIndex = 0; path = ErfanApp.app; sourceTree = BUILT_PRODUCTS_DIR; };
		E48E6DE62EC5B0D5004C6BE8 /* ErfanAppTests.xctest */ = {isa = PBXFileReference; explicitFileType = wrapper.cfbundle; includeInIndex = 0; path = ErfanAppTests.xctest; sourceTree = BUILT_PRODUCTS_DIR; };
		E48E6DF02EC5B0D5004C6BE8 /* ErfanAppUITests.xctest */ = {isa = PBXFileReference; explicitFileType = wrapper.cfbundle; includeInIndex = 0; path = ErfanAppUITests.xctest; sourceTree = BUILT_PRODUCTS_DIR; };
		E48E6E032EC5B0F3004C6BE8 /* Assets.xcassets */ = {isa = PBXFileReference; lastKnownFileType = folder.assetcatalog; path = Assets.xcassets; sourceTree = "<group>"; };
		E48E6E042EC5B0F3004C6BE8 /* ContentView.swift */ = {isa = PBXFileReference; lastKnownFileType = sourcecode.swift; path = ContentView.swift; sourceTree = "<group>"; };
		E48E6E052EC5B0F3004C6BE8 /* ErfanAppApp.swift */ = {isa = PBXFileReference; lastKnownFileType = sourcecode.swift; path = ErfanAppApp.swift; sourceTree = "<group>"; };
		E48E6E0A2EC5B0F8004C6BE8 /* ErfanAppTests.swift */ = {isa = PBXFileReference; lastKnownFileType = sourcecode.swift; path = ErfanAppTests.swift; sourceTree = "<group>"; };
		E48E6E0D2EC5B0FB004C6BE8 /* ErfanAppUITests.swift */ = {isa = PBXFileReference; lastKnownFileType = sourcecode.swift; path = ErfanAppUITests.swift; sourceTree = "<group>"; };
		E48E6E0E2EC5B0FB004C6BE8 /* ErfanAppUITestsLaunchTests.swift */ = {isa = PBXFileReference; lastKnownFileType = sourcecode.swift; path = ErfanAppUITestsLaunchTests.swift; sourceTree = "<group>"; };
		E48E6E172EC62313004C6BE8 /* BaseModule */ = {isa = PBXFileReference; lastKnownFileType = wrapper; path = BaseModule; sourceTree = "<group>"; };
		E48E6E182EC62313004C6BE8 /* README.md */ = {isa = PBXFileReference; lastKnownFileType = net.daringfireball.markdown; path = README.md; sourceTree = "<group>"; };
		E48E6E192EC62313004C6BE8 /* ServiceModule */ = {isa = PBXFileReference; lastKnownFileType = wrapper; path = ServiceModule; sourceTree = "<group>"; };
		E48E6E212EC8CD2C004C6BE8 /* AppDelegate.swift */ = {isa = PBXFileReference; lastKnownFileType = sourcecode.swift; path = AppDelegate.swift; sourceTree = "<group>"; };
		F50A6DF761F83B9EBEA9365B /* SignUpView.swift */ = {isa = PBXFileReference; includeInIndex = 1; lastKnownFileType = sourcecode.swift; path = SignUpView.swift; sourceTree = "<group>"; };
		F5AED9009BC05A1119394332 /* LoginView.swift */ = {isa = PBXFileReference; includeInIndex = 1; lastKnownFileType = sourcecode.swift; path = LoginView.swift; sourceTree = "<group>"; };
/* End PBXFileReference section */

/* Begin PBXFrameworksBuildPhase section */
		E48E6DD62EC5B0D3004C6BE8 /* Frameworks */ = {
			isa = PBXFrameworksBuildPhase;
			buildActionMask = 2147483647;
			files = (
				E48E6E1E2EC6240A004C6BE8 /* ServiceModule in Frameworks */,
				E48E6E1C2EC6240A004C6BE8 /* BaseModule in Frameworks */,
			);
			runOnlyForDeploymentPostprocessing = 0;
		};
		E48E6DE32EC5B0D5004C6BE8 /* Frameworks */ = {
			isa = PBXFrameworksBuildPhase;
			buildActionMask = 2147483647;
			files = (
			);
			runOnlyForDeploymentPostprocessing = 0;
		};
		E48E6DED2EC5B0D5004C6BE8 /* Frameworks */ = {
			isa = PBXFrameworksBuildPhase;
			buildActionMask = 2147483647;
			files = (
			);
			runOnlyForDeploymentPostprocessing = 0;
		};
/* End PBXFrameworksBuildPhase section */

/* Begin PBXGroup section */
		25AF4A69DE82C34C1183D05C /* Views */ = {
			isa = PBXGroup;
			children = (
				F5AED9009BC05A1119394332 /* LoginView.swift */,
				F50A6DF761F83B9EBEA9365B /* SignUpView.swift */,
				3DB91B4560588658ABBD231C /* ForgotPasswordView.swift */,
			);
			name = Views;
			path = Views;
			sourceTree = "<group>";
		};
		4D81FD48C45BA386607DE980 /* Auth */ = {
			isa = PBXGroup;
			children = (
				D1EB0081EBA6EBBD97C044CA /* ViewModel */,
				25AF4A69DE82C34C1183D05C /* Views */,
				D6A5778909DABA8352CC002B /* AuthContainerView.swift */,
			);
			name = Auth;
			path = Auth;
			sourceTree = "<group>";
		};
		D1EB0081EBA6EBBD97C044CA /* ViewModel */ = {
			isa = PBXGroup;
			children = (
				0C0FA2EFF3FED2DD516F1BC2 /* AuthViewModel.swift */,
			);
			name = ViewModel;
			path = ViewModel;
			sourceTree = "<group>";
		};
		E48E6DD02EC5B0D3004C6BE8 = {
			isa = PBXGroup;
			children = (
				E48E6E062EC5B0F3004C6BE8 /* ErfanApp */,
				E48E6E0B2EC5B0F8004C6BE8 /* ErfanAppTests */,
				E48E6E0F2EC5B0FB004C6BE8 /* ErfanAppUITests */,
				E48E6E122EC61E45004C6BE8 /* Frameworks */,
				E48E6DDA2EC5B0D3004C6BE8 /* Products */,
			);
			sourceTree = "<group>";
		};
		E48E6DDA2EC5B0D3004C6BE8 /* Products */ = {
			isa = PBXGroup;
			children = (
				E48E6DD92EC5B0D3004C6BE8 /* ErfanApp.app */,
				E48E6DE62EC5B0D5004C6BE8 /* ErfanAppTests.xctest */,
				E48E6DF02EC5B0D5004C6BE8 /* ErfanAppUITests.xctest */,
			);
			name = Products;
			sourceTree = "<group>";
		};
		E48E6E062EC5B0F3004C6BE8 /* ErfanApp */ = {
			isa = PBXGroup;
			children = (
				E4275E8D2ECDD988002CCAE2 /* Info.plist */,
				E48E6E1F2EC8CD0C004C6BE8 /* Core */,
				E48E6E242EC8CDD0004C6BE8 /* Screens */,
			);
			path = ErfanApp;
			sourceTree = "<group>";
		};
		E48E6E0B2EC5B0F8004C6BE8 /* ErfanAppTests */ = {
			isa = PBXGroup;
			children = (
				E48E6E0A2EC5B0F8004C6BE8 /* ErfanAppTests.swift */,
			);
			path = ErfanAppTests;
			sourceTree = "<group>";
		};
		E48E6E0F2EC5B0FB004C6BE8 /* ErfanAppUITests */ = {
			isa = PBXGroup;
			children = (
				E48E6E0D2EC5B0FB004C6BE8 /* ErfanAppUITests.swift */,
				E48E6E0E2EC5B0FB004C6BE8 /* ErfanAppUITestsLaunchTests.swift */,
			);
			path = ErfanAppUITests;
			sourceTree = "<group>";
		};
		E48E6E122EC61E45004C6BE8 /* Frameworks */ = {
			isa = PBXGroup;
			children = (
				E48E6E1A2EC62313004C6BE8 /* Modules */,
			);
			name = Frameworks;
			sourceTree = "<group>";
		};
		E48E6E1A2EC62313004C6BE8 /* Modules */ = {
			isa = PBXGroup;
			children = (
				E48E6E172EC62313004C6BE8 /* BaseModule */,
				E48E6E182EC62313004C6BE8 /* README.md */,
				E48E6E192EC62313004C6BE8 /* ServiceModule */,
			);
			path = Modules;
			sourceTree = "<group>";
		};
		E48E6E1F2EC8CD0C004C6BE8 /* Core */ = {
			isa = PBXGroup;
			children = (
				E48E6E232EC8CDC2004C6BE8 /* Resources */,
				E48E6E202EC8CD14004C6BE8 /* App */,
			);
			path = Core;
			sourceTree = "<group>";
		};
		E48E6E202EC8CD14004C6BE8 /* App */ = {
			isa = PBXGroup;
			children = (
				E48E6E052EC5B0F3004C6BE8 /* ErfanAppApp.swift */,
				E48E6E212EC8CD2C004C6BE8 /* AppDelegate.swift */,
			);
			path = App;
			sourceTree = "<group>";
		};
		E48E6E232EC8CDC2004C6BE8 /* Resources */ = {
			isa = PBXGroup;
			children = (
				E48E6E032EC5B0F3004C6BE8 /* Assets.xcassets */,
			);
			path = Resources;
			sourceTree = "<group>";
		};
		E48E6E242EC8CDD0004C6BE8 /* Screens */ = {
			isa = PBXGroup;
			children = (
				E48E6E042EC5B0F3004C6BE8 /* ContentView.swift */,
				4D81FD48C45BA386607DE980 /* Auth */,
			);
			path = Screens;
			sourceTree = "<group>";
		};
/* End PBXGroup section */

/* Begin PBXNativeTarget section */
		E48E6DD82EC5B0D3004C6BE8 /* ErfanApp */ = {
			isa = PBXNativeTarget;
			buildConfigurationList = E48E6DFA2EC5B0D5004C6BE8 /* Build configuration list for PBXNativeTarget "ErfanApp" */;
			buildPhases = (
				E48E6DD52EC5B0D3004C6BE8 /* Sources */,
				E48E6DD62EC5B0D3004C6BE8 /* Frameworks */,
				E48E6DD72EC5B0D3004C6BE8 /* Resources */,
			);
			buildRules = (
			);
			dependencies = (
			);
			name = ErfanApp;
			packageProductDependencies = (
				E48E6E1B2EC6240A004C6BE8 /* BaseModule */,
				E48E6E1D2EC6240A004C6BE8 /* ServiceModule */,
			);
			productName = ErfanApp;
			productReference = E48E6DD92EC5B0D3004C6BE8 /* ErfanApp.app */;
			productType = "com.apple.product-type.application";
		};
		E48E6DE52EC5B0D5004C6BE8 /* ErfanAppTests */ = {
			isa = PBXNativeTarget;
			buildConfigurationList = E48E6DFD2EC5B0D5004C6BE8 /* Build configuration list for PBXNativeTarget "ErfanAppTests" */;
			buildPhases = (
				E48E6DE22EC5B0D5004C6BE8 /* Sources */,
				E48E6DE32EC5B0D5004C6BE8 /* Frameworks */,
				E48E6DE42EC5B0D5004C6BE8 /* Resources */,
			);
			buildRules = (
			);
			dependencies = (
				E48E6DE82EC5B0D5004C6BE8 /* PBXTargetDependency */,
			);
			name = ErfanAppTests;
			productName = ErfanAppTests;
			productReference = E48E6DE62EC5B0D5004C6BE8 /* ErfanAppTests.xctest */;
			productType = "com.apple.product-type.bundle.unit-test";
		};
		E48E6DEF2EC5B0D5004C6BE8 /* ErfanAppUITests */ = {
			isa = PBXNativeTarget;
			buildConfigurationList = E48E6E002EC5B0D5004C6BE8 /* Build configuration list for PBXNativeTarget "ErfanAppUITests" */;
			buildPhases = (
				E48E6DEC2EC5B0D5004C6BE8 /* Sources */,
				E48E6DED2EC5B0D5004C6BE8 /* Frameworks */,
				E48E6DEE2EC5B0D5004C6BE8 /* Resources */,
			);
			buildRules = (
			);
			dependencies = (
				E48E6DF22EC5B0D5004C6BE8 /* PBXTargetDependency */,
			);
			name = ErfanAppUITests;
			productName = ErfanAppUITests;
			productReference = E48E6DF02EC5B0D5004C6BE8 /* ErfanAppUITests.xctest */;
			productType = "com.apple.product-type.bundle.ui-testing";
		};
/* End PBXNativeTarget section */

/* Begin PBXProject section */
		E48E6DD12EC5B0D3004C6BE8 /* Project object */ = {
			isa = PBXProject;
			attributes = {
				BuildIndependentTargetsInParallel = 1;
				LastSwiftUpdateCheck = 2600;
				LastUpgradeCheck = 2600;
				TargetAttributes = {
					E48E6DD82EC5B0D3004C6BE8 = {
						CreatedOnToolsVersion = 26.0.1;
					};
					E48E6DE52EC5B0D5004C6BE8 = {
						CreatedOnToolsVersion = 26.0.1;
						TestTargetID = E48E6DD82EC5B0D3004C6BE8;
					};
					E48E6DEF2EC5B0D5004C6BE8 = {
						CreatedOnToolsVersion = 26.0.1;
						TestTargetID = E48E6DD82EC5B0D3004C6BE8;
					};
				};
			};
			buildConfigurationList = E48E6DD42EC5B0D3004C6BE8 /* Build configuration list for PBXProject "ErfanApp" */;
			developmentRegion = en;
			hasScannedForEncodings = 0;
			knownRegions = (
				en,
				ar,
			);
			mainGroup = E48E6DD02EC5B0D3004C6BE8;
			minimizedProjectReferenceProxies = 1;
			preferredProjectObjectVersion = 77;
			productRefGroup = E48E6DDA2EC5B0D3004C6BE8 /* Products */;
			projectDirPath = "";
			projectRoot = "";
			targets = (
				E48E6DD82EC5B0D3004C6BE8 /* ErfanApp */,
				E48E6DE52EC5B0D5004C6BE8 /* ErfanAppTests */,
				E48E6DEF2EC5B0D5004C6BE8 /* ErfanAppUITests */,
			);
		};
/* End PBXProject section */

/* Begin PBXResourcesBuildPhase section */
		E48E6DD72EC5B0D3004C6BE8 /* Resources */ = {
			isa = PBXResourcesBuildPhase;
			buildActionMask = 2147483647;
			files = (
				E48E6E072EC5B0F3004C6BE8 /* Assets.xcassets in Resources */,
			);
			runOnlyForDeploymentPostprocessing = 0;
		};
		E48E6DE42EC5B0D5004C6BE8 /* Resources */ = {
			isa = PBXResourcesBuildPhase;
			buildActionMask = 2147483647;
			files = (
			);
			runOnlyForDeploymentPostprocessing = 0;
		};
		E48E6DEE2EC5B0D5004C6BE8 /* Resources */ = {
			isa = PBXResourcesBuildPhase;
			buildActionMask = 2147483647;
			files = (
			);
			runOnlyForDeploymentPostprocessing = 0;
		};
/* End PBXResourcesBuildPhase section */

/* Begin PBXSourcesBuildPhase section */
		E48E6DD52EC5B0D3004C6BE8 /* Sources */ = {
			isa = PBXSourcesBuildPhase;
			buildActionMask = 2147483647;
			files = (
				E48E6E222EC8CD2C004C6BE8 /* AppDelegate.swift in Sources */,
				E48E6E082EC5B0F3004C6BE8 /* ContentView.swift in Sources */,
				E48E6E092EC5B0F3004C6BE8 /* ErfanAppApp.swift in Sources */,
				923185F03AD5ADDEA7DD9447 /* AuthViewModel.swift in Sources */,
				736C6181A9FC5BC089E39866 /* AuthViewModel.swift in Sources */,
				67848498FDE4E7DAD9AAFDA8 /* LoginView.swift in Sources */,
				11296265CAB8004CF7D5B5AD /* LoginView.swift in Sources */,
				14A21A1481A7311FE6C606CA /* SignUpView.swift in Sources */,
				CB05613A96555028029497B8 /* SignUpView.swift in Sources */,
				A8B0D9CFDEB338B340C3BC68 /* ForgotPasswordView.swift in Sources */,
				243F82120872BB58E7212D39 /* ForgotPasswordView.swift in Sources */,
				AB47E87A5F3F3E6C257A7280 /* AuthContainerView.swift in Sources */,
				125146DEAEFC1B8B680A9C1E /* AuthContainerView.swift in Sources */,
			);
			runOnlyForDeploymentPostprocessing = 0;
		};
		E48E6DE22EC5B0D5004C6BE8 /* Sources */ = {
			isa = PBXSourcesBuildPhase;
			buildActionMask = 2147483647;
			files = (
				E48E6E0C2EC5B0F8004C6BE8 /* ErfanAppTests.swift in Sources */,
			);
			runOnlyForDeploymentPostprocessing = 0;
		};
		E48E6DEC2EC5B0D5004C6BE8 /* Sources */ = {
			isa = PBXSourcesBuildPhase;
			buildActionMask = 2147483647;
			files = (
				E48E6E102EC5B0FB004C6BE8 /* ErfanAppUITests.swift in Sources */,
				E48E6E112EC5B0FB004C6BE8 /* ErfanAppUITestsLaunchTests.swift in Sources */,
			);
			runOnlyForDeploymentPostprocessing = 0;
		};
/* End PBXSourcesBuildPhase section */

/* Begin PBXTargetDependency section */
		E48E6DE82EC5B0D5004C6BE8 /* PBXTargetDependency */ = {
			isa = PBXTargetDependency;
			target = E48E6DD82EC5B0D3004C6BE8 /* ErfanApp */;
			targetProxy = E48E6DE72EC5B0D5004C6BE8 /* PBXContainerItemProxy */;
		};
		E48E6DF22EC5B0D5004C6BE8 /* PBXTargetDependency */ = {
			isa = PBXTargetDependency;
			target = E48E6DD82EC5B0D3004C6BE8 /* ErfanApp */;
			targetProxy = E48E6DF12EC5B0D5004C6BE8 /* PBXContainerItemProxy */;
		};
/* End PBXTargetDependency section */

/* Begin XCBuildConfiguration section */
		E48E6DF82EC5B0D5004C6BE8 /* Debug */ = {
			isa = XCBuildConfiguration;
			buildSettings = {
				ALWAYS_SEARCH_USER_PATHS = NO;
				ASSETCATALOG_COMPILER_GENERATE_SWIFT_ASSET_SYMBOL_EXTENSIONS = YES;
				CLANG_ANALYZER_NONNULL = YES;
				CLANG_ANALYZER_NUMBER_OBJECT_CONVERSION = YES_AGGRESSIVE;
				CLANG_CXX_LANGUAGE_STANDARD = "gnu++20";
				CLANG_ENABLE_MODULES = YES;
				CLANG_ENABLE_OBJC_ARC = YES;
				CLANG_ENABLE_OBJC_WEAK = YES;
				CLANG_WARN_BLOCK_CAPTURE_AUTORELEASING = YES;
				CLANG_WARN_BOOL_CONVERSION = YES;
				CLANG_WARN_COMMA = YES;
				CLANG_WARN_CONSTANT_CONVERSION = YES;
				CLANG_WARN_DEPRECATED_OBJC_IMPLEMENTATIONS = YES;
				CLANG_WARN_DIRECT_OBJC_ISA_USAGE = YES_ERROR;
				CLANG_WARN_DOCUMENTATION_COMMENTS = YES;
				CLANG_WARN_EMPTY_BODY = YES;
				CLANG_WARN_ENUM_CONVERSION = YES;
				CLANG_WARN_INFINITE_RECURSION = YES;
				CLANG_WARN_INT_CONVERSION = YES;
				CLANG_WARN_NON_LITERAL_NULL_CONVERSION = YES;
				CLANG_WARN_OBJC_IMPLICIT_RETAIN_SELF = YES;
				CLANG_WARN_OBJC_LITERAL_CONVERSION = YES;
				CLANG_WARN_OBJC_ROOT_CLASS = YES_ERROR;
				CLANG_WARN_QUOTED_INCLUDE_IN_FRAMEWORK_HEADER = YES;
				CLANG_WARN_RANGE_LOOP_ANALYSIS = YES;
				CLANG_WARN_STRICT_PROTOTYPES = YES;
				CLANG_WARN_SUSPICIOUS_MOVE = YES;
				CLANG_WARN_UNGUARDED_AVAILABILITY = YES_AGGRESSIVE;
				CLANG_WARN_UNREACHABLE_CODE = YES;
				CLANG_WARN__DUPLICATE_METHOD_MATCH = YES;
				COPY_PHASE_STRIP = NO;
				DEBUG_INFORMATION_FORMAT = dwarf;
				DEVELOPMENT_TEAM = A93LZ79VS9;
				ENABLE_STRICT_OBJC_MSGSEND = YES;
				ENABLE_TESTABILITY = YES;
				ENABLE_USER_SCRIPT_SANDBOXING = YES;
				GCC_C_LANGUAGE_STANDARD = gnu17;
				GCC_DYNAMIC_NO_PIC = NO;
				GCC_NO_COMMON_BLOCKS = YES;
				GCC_OPTIMIZATION_LEVEL = 0;
				GCC_PREPROCESSOR_DEFINITIONS = (
					"DEBUG=1",
					"$(inherited)",
				);
				GCC_WARN_64_TO_32_BIT_CONVERSION = YES;
				GCC_WARN_ABOUT_RETURN_TYPE = YES_ERROR;
				GCC_WARN_UNDECLARED_SELECTOR = YES;
				GCC_WARN_UNINITIALIZED_AUTOS = YES_AGGRESSIVE;
				GCC_WARN_UNUSED_FUNCTION = YES;
				GCC_WARN_UNUSED_VARIABLE = YES;
				IPHONEOS_DEPLOYMENT_TARGET = 26.0;
				LOCALIZATION_PREFERS_STRING_CATALOGS = YES;
				MTL_ENABLE_DEBUG_INFO = INCLUDE_SOURCE;
				MTL_FAST_MATH = YES;
				ONLY_ACTIVE_ARCH = YES;
				SDKROOT = iphoneos;
				SWIFT_ACTIVE_COMPILATION_CONDITIONS = "DEBUG $(inherited)";
				SWIFT_OPTIMIZATION_LEVEL = "-Onone";
			};
			name = Debug;
		};
		E48E6DF92EC5B0D5004C6BE8 /* Release */ = {
			isa = XCBuildConfiguration;
			buildSettings = {
				ALWAYS_SEARCH_USER_PATHS = NO;
				ASSETCATALOG_COMPILER_GENERATE_SWIFT_ASSET_SYMBOL_EXTENSIONS = YES;
				CLANG_ANALYZER_NONNULL = YES;
				CLANG_ANALYZER_NUMBER_OBJECT_CONVERSION = YES_AGGRESSIVE;
				CLANG_CXX_LANGUAGE_STANDARD = "gnu++20";
				CLANG_ENABLE_MODULES = YES;
				CLANG_ENABLE_OBJC_ARC = YES;
				CLANG_ENABLE_OBJC_WEAK = YES;
				CLANG_WARN_BLOCK_CAPTURE_AUTORELEASING = YES;
				CLANG_WARN_BOOL_CONVERSION = YES;
				CLANG_WARN_COMMA = YES;
				CLANG_WARN_CONSTANT_CONVERSION = YES;
				CLANG_WARN_DEPRECATED_OBJC_IMPLEMENTATIONS = YES;
				CLANG_WARN_DIRECT_OBJC_ISA_USAGE = YES_ERROR;
				CLANG_WARN_DOCUMENTATION_COMMENTS = YES;
				CLANG_WARN_EMPTY_BODY = YES;
				CLANG_WARN_ENUM_CONVERSION = YES;
				CLANG_WARN_INFINITE_RECURSION = YES;
				CLANG_WARN_INT_CONVERSION = YES;
				CLANG_WARN_NON_LITERAL_NULL_CONVERSION = YES;
				CLANG_WARN_OBJC_IMPLICIT_RETAIN_SELF = YES;
				CLANG_WARN_OBJC_LITERAL_CONVERSION = YES;
				CLANG_WARN_OBJC_ROOT_CLASS = YES_ERROR;
				CLANG_WARN_QUOTED_INCLUDE_IN_FRAMEWORK_HEADER = YES;
				CLANG_WARN_RANGE_LOOP_ANALYSIS = YES;
				CLANG_WARN_STRICT_PROTOTYPES = YES;
				CLANG_WARN_SUSPICIOUS_MOVE = YES;
				CLANG_WARN_UNGUARDED_AVAILABILITY = YES_AGGRESSIVE;
				CLANG_WARN_UNREACHABLE_CODE = YES;
				CLANG_WARN__DUPLICATE_METHOD_MATCH = YES;
				COPY_PHASE_STRIP = NO;
				DEBUG_INFORMATION_FORMAT = "dwarf-with-dsym";
				DEVELOPMENT_TEAM = A93LZ79VS9;
				ENABLE_NS_ASSERTIONS = NO;
				ENABLE_STRICT_OBJC_MSGSEND = YES;
				ENABLE_USER_SCRIPT_SANDBOXING = YES;
				GCC_C_LANGUAGE_STANDARD = gnu17;
				GCC_NO_COMMON_BLOCKS = YES;
				GCC_WARN_64_TO_32_BIT_CONVERSION = YES;
				GCC_WARN_ABOUT_RETURN_TYPE = YES_ERROR;
				GCC_WARN_UNDECLARED_SELECTOR = YES;
				GCC_WARN_UNINITIALIZED_AUTOS = YES_AGGRESSIVE;
				GCC_WARN_UNUSED_FUNCTION = YES;
				GCC_WARN_UNUSED_VARIABLE = YES;
				IPHONEOS_DEPLOYMENT_TARGET = 26.0;
				LOCALIZATION_PREFERS_STRING_CATALOGS = YES;
				MTL_ENABLE_DEBUG_INFO = NO;
				MTL_FAST_MATH = YES;
				SDKROOT = iphoneos;
				SWIFT_COMPILATION_MODE = wholemodule;
				VALIDATE_PRODUCT = YES;
			};
			name = Release;
		};
		E48E6DFB2EC5B0D5004C6BE8 /* Debug */ = {
			isa = XCBuildConfiguration;
			buildSettings = {
				ASSETCATALOG_COMPILER_APPICON_NAME = AppIcon;
				ASSETCATALOG_COMPILER_GLOBAL_ACCENT_COLOR_NAME = AccentColor;
				CODE_SIGN_STYLE = Automatic;
				CURRENT_PROJECT_VERSION = 1;
				DEVELOPMENT_TEAM = A93LZ79VS9;
				ENABLE_PREVIEWS = YES;
				GENERATE_INFOPLIST_FILE = YES;
				INFOPLIST_FILE = ErfanApp/Info.plist;
				INFOPLIST_KEY_UIApplicationSceneManifest_Generation = YES;
				INFOPLIST_KEY_UIApplicationSupportsIndirectInputEvents = YES;
				INFOPLIST_KEY_UILaunchScreen_Generation = YES;
				INFOPLIST_KEY_UISupportedInterfaceOrientations_iPad = "UIInterfaceOrientationPortrait UIInterfaceOrientationPortraitUpsideDown UIInterfaceOrientationLandscapeLeft UIInterfaceOrientationLandscapeRight";
				INFOPLIST_KEY_UISupportedInterfaceOrientations_iPhone = "UIInterfaceOrientationPortrait UIInterfaceOrientationLandscapeLeft UIInterfaceOrientationLandscapeRight";
				LD_RUNPATH_SEARCH_PATHS = (
					"$(inherited)",
					"@executable_path/Frameworks",
				);
				MARKETING_VERSION = 1.0;
				PRODUCT_BUNDLE_IDENTIFIER = "ios.erfan-dadras.com.ErfanApp";
				PRODUCT_NAME = "$(TARGET_NAME)";
				STRING_CATALOG_GENERATE_SYMBOLS = YES;
				SWIFT_APPROACHABLE_CONCURRENCY = YES;
				SWIFT_DEFAULT_ACTOR_ISOLATION = MainActor;
				SWIFT_EMIT_LOC_STRINGS = YES;
				SWIFT_UPCOMING_FEATURE_MEMBER_IMPORT_VISIBILITY = YES;
				SWIFT_VERSION = 5.0;
				TARGETED_DEVICE_FAMILY = "1,2";
			};
			name = Debug;
		};
		E48E6DFC2EC5B0D5004C6BE8 /* Release */ = {
			isa = XCBuildConfiguration;
			buildSettings = {
				ASSETCATALOG_COMPILER_APPICON_NAME = AppIcon;
				ASSETCATALOG_COMPILER_GLOBAL_ACCENT_COLOR_NAME = AccentColor;
				CODE_SIGN_STYLE = Automatic;
				CURRENT_PROJECT_VERSION = 1;
				DEVELOPMENT_TEAM = A93LZ79VS9;
				ENABLE_PREVIEWS = YES;
				GENERATE_INFOPLIST_FILE = YES;
				INFOPLIST_FILE = ErfanApp/Info.plist;
				INFOPLIST_KEY_UIApplicationSceneManifest_Generation = YES;
				INFOPLIST_KEY_UIApplicationSupportsIndirectInputEvents = YES;
				INFOPLIST_KEY_UILaunchScreen_Generation = YES;
				INFOPLIST_KEY_UISupportedInterfaceOrientations_iPad = "UIInterfaceOrientationPortrait UIInterfaceOrientationPortraitUpsideDown UIInterfaceOrientationLandscapeLeft UIInterfaceOrientationLandscapeRight";
				INFOPLIST_KEY_UISupportedInterfaceOrientations_iPhone = "UIInterfaceOrientationPortrait UIInterfaceOrientationLandscapeLeft UIInterfaceOrientationLandscapeRight";
				LD_RUNPATH_SEARCH_PATHS = (
					"$(inherited)",
					"@executable_path/Frameworks",
				);
				MARKETING_VERSION = 1.0;
				PRODUCT_BUNDLE_IDENTIFIER = "ios.erfan-dadras.com.ErfanApp";
				PRODUCT_NAME = "$(TARGET_NAME)";
				STRING_CATALOG_GENERATE_SYMBOLS = YES;
				SWIFT_APPROACHABLE_CONCURRENCY = YES;
				SWIFT_DEFAULT_ACTOR_ISOLATION = MainActor;
				SWIFT_EMIT_LOC_STRINGS = YES;
				SWIFT_UPCOMING_FEATURE_MEMBER_IMPORT_VISIBILITY = YES;
				SWIFT_VERSION = 5.0;
				TARGETED_DEVICE_FAMILY = "1,2";
			};
			name = Release;
		};
		E48E6DFE2EC5B0D5004C6BE8 /* Debug */ = {
			isa = XCBuildConfiguration;
			buildSettings = {
				BUNDLE_LOADER = "$(TEST_HOST)";
				CODE_SIGN_STYLE = Automatic;
				CURRENT_PROJECT_VERSION = 1;
				DEVELOPMENT_TEAM = A93LZ79VS9;
				GENERATE_INFOPLIST_FILE = YES;
				IPHONEOS_DEPLOYMENT_TARGET = 26.0;
				MARKETING_VERSION = 1.0;
				PRODUCT_BUNDLE_IDENTIFIER = "ios.erfan-dadras.com.ErfanAppTests";
				PRODUCT_NAME = "$(TARGET_NAME)";
				STRING_CATALOG_GENERATE_SYMBOLS = NO;
				SWIFT_APPROACHABLE_CONCURRENCY = YES;
				SWIFT_EMIT_LOC_STRINGS = NO;
				SWIFT_UPCOMING_FEATURE_MEMBER_IMPORT_VISIBILITY = YES;
				SWIFT_VERSION = 5.0;
				TARGETED_DEVICE_FAMILY = "1,2";
				TEST_HOST = "$(BUILT_PRODUCTS_DIR)/ErfanApp.app/$(BUNDLE_EXECUTABLE_FOLDER_PATH)/ErfanApp";
			};
			name = Debug;
		};
		E48E6DFF2EC5B0D5004C6BE8 /* Release */ = {
			isa = XCBuildConfiguration;
			buildSettings = {
				BUNDLE_LOADER = "$(TEST_HOST)";
				CODE_SIGN_STYLE = Automatic;
				CURRENT_PROJECT_VERSION = 1;
				DEVELOPMENT_TEAM = A93LZ79VS9;
				GENERATE_INFOPLIST_FILE = YES;
				IPHONEOS_DEPLOYMENT_TARGET = 26.0;
				MARKETING_VERSION = 1.0;
				PRODUCT_BUNDLE_IDENTIFIER = "ios.erfan-dadras.com.ErfanAppTests";
				PRODUCT_NAME = "$(TARGET_NAME)";
				STRING_CATALOG_GENERATE_SYMBOLS = NO;
				SWIFT_APPROACHABLE_CONCURRENCY = YES;
				SWIFT_EMIT_LOC_STRINGS = NO;
				SWIFT_UPCOMING_FEATURE_MEMBER_IMPORT_VISIBILITY = YES;
				SWIFT_VERSION = 5.0;
				TARGETED_DEVICE_FAMILY = "1,2";
				TEST_HOST = "$(BUILT_PRODUCTS_DIR)/ErfanApp.app/$(BUNDLE_EXECUTABLE_FOLDER_PATH)/ErfanApp";
			};
			name = Release;
		};
		E48E6E012EC5B0D5004C6BE8 /* Debug */ = {
			isa = XCBuildConfiguration;
			buildSettings = {
				CODE_SIGN_STYLE = Automatic;
				CURRENT_PROJECT_VERSION = 1;
				DEVELOPMENT_TEAM = A93LZ79VS9;
				GENERATE_INFOPLIST_FILE = YES;
				MARKETING_VERSION = 1.0;
				PRODUCT_BUNDLE_IDENTIFIER = "ios.erfan-dadras.com.ErfanAppUITests";
				PRODUCT_NAME = "$(TARGET_NAME)";
				STRING_CATALOG_GENERATE_SYMBOLS = NO;
				SWIFT_APPROACHABLE_CONCURRENCY = YES;
				SWIFT_EMIT_LOC_STRINGS = NO;
				SWIFT_UPCOMING_FEATURE_MEMBER_IMPORT_VISIBILITY = YES;
				SWIFT_VERSION = 5.0;
				TARGETED_DEVICE_FAMILY = "1,2";
				TEST_TARGET_NAME = ErfanApp;
			};
			name = Debug;
		};
		E48E6E022EC5B0D5004C6BE8 /* Release */ = {
			isa = XCBuildConfiguration;
			buildSettings = {
				CODE_SIGN_STYLE = Automatic;
				CURRENT_PROJECT_VERSION = 1;
				DEVELOPMENT_TEAM = A93LZ79VS9;
				GENERATE_INFOPLIST_FILE = YES;
				MARKETING_VERSION = 1.0;
				PRODUCT_BUNDLE_IDENTIFIER = "ios.erfan-dadras.com.ErfanAppUITests";
				PRODUCT_NAME = "$(TARGET_NAME)";
				STRING_CATALOG_GENERATE_SYMBOLS = NO;
				SWIFT_APPROACHABLE_CONCURRENCY = YES;
				SWIFT_EMIT_LOC_STRINGS = NO;
				SWIFT_UPCOMING_FEATURE_MEMBER_IMPORT_VISIBILITY = YES;
				SWIFT_VERSION = 5.0;
				TARGETED_DEVICE_FAMILY = "1,2";
				TEST_TARGET_NAME = ErfanApp;
			};
			name = Release;
		};
/* End XCBuildConfiguration section */

/* Begin XCConfigurationList section */
		E48E6DD42EC5B0D3004C6BE8 /* Build configuration list for PBXProject "ErfanApp" */ = {
			isa = XCConfigurationList;
			buildConfigurations = (
				E48E6DF82EC5B0D5004C6BE8 /* Debug */,
				E48E6DF92EC5B0D5004C6BE8 /* Release */,
			);
			defaultConfigurationIsVisible = 0;
			defaultConfigurationName = Release;
		};
		E48E6DFA2EC5B0D5004C6BE8 /* Build configuration list for PBXNativeTarget "ErfanApp" */ = {
			isa = XCConfigurationList;
			buildConfigurations = (
				E48E6DFB2EC5B0D5004C6BE8 /* Debug */,
				E48E6DFC2EC5B0D5004C6BE8 /* Release */,
			);
			defaultConfigurationIsVisible = 0;
			defaultConfigurationName = Release;
		};
		E48E6DFD2EC5B0D5004C6BE8 /* Build configuration list for PBXNativeTarget "ErfanAppTests" */ = {
			isa = XCConfigurationList;
			buildConfigurations = (
				E48E6DFE2EC5B0D5004C6BE8 /* Debug */,
				E48E6DFF2EC5B0D5004C6BE8 /* Release */,
			);
			defaultConfigurationIsVisible = 0;
			defaultConfigurationName = Release;
		};
		E48E6E002EC5B0D5004C6BE8 /* Build configuration list for PBXNativeTarget "ErfanAppUITests" */ = {
			isa = XCConfigurationList;
			buildConfigurations = (
				E48E6E012EC5B0D5004C6BE8 /* Debug */,
				E48E6E022EC5B0D5004C6BE8 /* Release */,
			);
			defaultConfigurationIsVisible = 0;
			defaultConfigurationName = Release;
		};
/* End XCConfigurationList section */

/* Begin XCSwiftPackageProductDependency section */
		E48E6E1B2EC6240A004C6BE8 /* BaseModule */ = {
			isa = XCSwiftPackageProductDependency;
			productName = BaseModule;
		};
		E48E6E1D2EC6240A004C6BE8 /* ServiceModule */ = {
			isa = XCSwiftPackageProductDependency;
			productName = ServiceModule;
		};
/* End XCSwiftPackageProductDependency section */
	};
	rootObject = E48E6DD12EC5B0D3004C6BE8 /* Project object */;
}
